// !$*UTF8*$!
{
	archiveVersion = 1;
	classes = {
	};
	objectVersion = 46;
	objects = {

/* Begin PBXBuildFile section */
		072A3F941BE26D2900218FC2 /* AppDelegate.swift in Sources */ = {isa = PBXBuildFile; fileRef = 072A3F931BE26D2900218FC2 /* AppDelegate.swift */; };
		072A3F961BE26D2900218FC2 /* ViewController.swift in Sources */ = {isa = PBXBuildFile; fileRef = 072A3F951BE26D2900218FC2 /* ViewController.swift */; };
		072A3F991BE26D2900218FC2 /* Main.storyboard in Resources */ = {isa = PBXBuildFile; fileRef = 072A3F971BE26D2900218FC2 /* Main.storyboard */; };
		072A3F9B1BE26D2900218FC2 /* Images.xcassets in Resources */ = {isa = PBXBuildFile; fileRef = 072A3F9A1BE26D2900218FC2 /* Images.xcassets */; };
		072A3F9E1BE26D2900218FC2 /* LaunchScreen.xib in Resources */ = {isa = PBXBuildFile; fileRef = 072A3F9C1BE26D2900218FC2 /* LaunchScreen.xib */; };
		072A3FAA1BE26D2900218FC2 /* CommuterTests.swift in Sources */ = {isa = PBXBuildFile; fileRef = 072A3FA91BE26D2900218FC2 /* CommuterTests.swift */; };
/* End PBXBuildFile section */

/* Begin PBXContainerItemProxy section */
		072A3FA41BE26D2900218FC2 /* PBXContainerItemProxy */ = {
			isa = PBXContainerItemProxy;
			containerPortal = 072A3F861BE26D2900218FC2 /* Project object */;
			proxyType = 1;
			remoteGlobalIDString = 072A3F8D1BE26D2900218FC2;
			remoteInfo = Commuter;
		};
/* End PBXContainerItemProxy section */

/* Begin PBXFileReference section */
		072A3F8E1BE26D2900218FC2 /* Commuter.app */ = {isa = PBXFileReference; explicitFileType = wrapper.application; includeInIndex = 0; path = Commuter.app; sourceTree = BUILT_PRODUCTS_DIR; };
		072A3F921BE26D2900218FC2 /* Info.plist */ = {isa = PBXFileReference; lastKnownFileType = text.plist.xml; path = Info.plist; sourceTree = "<group>"; };
		072A3F931BE26D2900218FC2 /* AppDelegate.swift */ = {isa = PBXFileReference; lastKnownFileType = sourcecode.swift; path = AppDelegate.swift; sourceTree = "<group>"; };
		072A3F951BE26D2900218FC2 /* ViewController.swift */ = {isa = PBXFileReference; lastKnownFileType = sourcecode.swift; path = ViewController.swift; sourceTree = "<group>"; };
		072A3F981BE26D2900218FC2 /* Base */ = {isa = PBXFileReference; lastKnownFileType = file.storyboard; name = Base; path = Base.lproj/Main.storyboard; sourceTree = "<group>"; };
		072A3F9A1BE26D2900218FC2 /* Images.xcassets */ = {isa = PBXFileReference; lastKnownFileType = folder.assetcatalog; path = Images.xcassets; sourceTree = "<group>"; };
		072A3F9D1BE26D2900218FC2 /* Base */ = {isa = PBXFileReference; lastKnownFileType = file.xib; name = Base; path = Base.lproj/LaunchScreen.xib; sourceTree = "<group>"; };
		072A3FA31BE26D2900218FC2 /* CommuterTests.xctest */ = {isa = PBXFileReference; explicitFileType = wrapper.cfbundle; includeInIndex = 0; path = CommuterTests.xctest; sourceTree = BUILT_PRODUCTS_DIR; };
		072A3FA81BE26D2900218FC2 /* Info.plist */ = {isa = PBXFileReference; lastKnownFileType = text.plist.xml; path = Info.plist; sourceTree = "<group>"; };
		072A3FA91BE26D2900218FC2 /* CommuterTests.swift */ = {isa = PBXFileReference; lastKnownFileType = sourcecode.swift; path = CommuterTests.swift; sourceTree = "<group>"; };
/* End PBXFileReference section */

/* Begin PBXFrameworksBuildPhase section */
		072A3F8B1BE26D2900218FC2 /* Frameworks */ = {
			isa = PBXFrameworksBuildPhase;
			buildActionMask = 2147483647;
			files = (
			);
			runOnlyForDeploymentPostprocessing = 0;
		};
		072A3FA01BE26D2900218FC2 /* Frameworks */ = {
			isa = PBXFrameworksBuildPhase;
			buildActionMask = 2147483647;
			files = (
			);
			runOnlyForDeploymentPostprocessing = 0;
		};
/* End PBXFrameworksBuildPhase section */

/* Begin PBXGroup section */
		072A3F851BE26D2900218FC2 = {
			isa = PBXGroup;
			children = (
				072A3F901BE26D2900218FC2 /* Commuter */,
				072A3FA61BE26D2900218FC2 /* CommuterTests */,
				072A3F8F1BE26D2900218FC2 /* Products */,
			);
			sourceTree = "<group>";
		};
		072A3F8F1BE26D2900218FC2 /* Products */ = {
			isa = PBXGroup;
			children = (
				072A3F8E1BE26D2900218FC2 /* Commuter.app */,
				072A3FA31BE26D2900218FC2 /* CommuterTests.xctest */,
			);
			name = Products;
			sourceTree = "<group>";
		};
		072A3F901BE26D2900218FC2 /* Commuter */ = {
			isa = PBXGroup;
			children = (
				072A3F931BE26D2900218FC2 /* AppDelegate.swift */,
				072A3F951BE26D2900218FC2 /* ViewController.swift */,
				072A3F971BE26D2900218FC2 /* Main.storyboard */,
				072A3F9A1BE26D2900218FC2 /* Images.xcassets */,
				072A3F9C1BE26D2900218FC2 /* LaunchScreen.xib */,
				072A3F911BE26D2900218FC2 /* Supporting Files */,
			);
			path = Commuter;
			sourceTree = "<group>";
		};
		072A3F911BE26D2900218FC2 /* Supporting Files */ = {
			isa = PBXGroup;
			children = (
				072A3F921BE26D2900218FC2 /* Info.plist */,
			);
			name = "Supporting Files";
			sourceTree = "<group>";
		};
		072A3FA61BE26D2900218FC2 /* CommuterTests */ = {
			isa = PBXGroup;
			children = (
				072A3FA91BE26D2900218FC2 /* CommuterTests.swift */,
				072A3FA71BE26D2900218FC2 /* Supporting Files */,
			);
			path = CommuterTests;
			sourceTree = "<group>";
		};
		072A3FA71BE26D2900218FC2 /* Supporting Files */ = {
			isa = PBXGroup;
			children = (
				072A3FA81BE26D2900218FC2 /* Info.plist */,
			);
			name = "Supporting Files";
			sourceTree = "<group>";
		};
/* End PBXGroup section */

/* Begin PBXNativeTarget section */
		072A3F8D1BE26D2900218FC2 /* Commuter */ = {
			isa = PBXNativeTarget;
			buildConfigurationList = 072A3FAD1BE26D2900218FC2 /* Build configuration list for PBXNativeTarget "Commuter" */;
			buildPhases = (
				072A3F8A1BE26D2900218FC2 /* Sources */,
				072A3F8B1BE26D2900218FC2 /* Frameworks */,
				072A3F8C1BE26D2900218FC2 /* Resources */,
			);
			buildRules = (
			);
			dependencies = (
			);
			name = Commuter;
			productName = Commuter;
			productReference = 072A3F8E1BE26D2900218FC2 /* Commuter.app */;
			productType = "com.apple.product-type.application";
		};
		072A3FA21BE26D2900218FC2 /* CommuterTests */ = {
			isa = PBXNativeTarget;
			buildConfigurationList = 072A3FB01BE26D2900218FC2 /* Build configuration list for PBXNativeTarget "CommuterTests" */;
			buildPhases = (
				072A3F9F1BE26D2900218FC2 /* Sources */,
				072A3FA01BE26D2900218FC2 /* Frameworks */,
				072A3FA11BE26D2900218FC2 /* Resources */,
			);
			buildRules = (
			);
			dependencies = (
				072A3FA51BE26D2900218FC2 /* PBXTargetDependency */,
			);
			name = CommuterTests;
			productName = CommuterTests;
			productReference = 072A3FA31BE26D2900218FC2 /* CommuterTests.xctest */;
			productType = "com.apple.product-type.bundle.unit-test";
		};
/* End PBXNativeTarget section */

/* Begin PBXProject section */
		072A3F861BE26D2900218FC2 /* Project object */ = {
			isa = PBXProject;
			attributes = {
				LastUpgradeCheck = 0630;
				ORGANIZATIONNAME = "Connor McGuinness";
				TargetAttributes = {
					072A3F8D1BE26D2900218FC2 = {
						CreatedOnToolsVersion = 6.3.2;
					};
					072A3FA21BE26D2900218FC2 = {
						CreatedOnToolsVersion = 6.3.2;
						TestTargetID = 072A3F8D1BE26D2900218FC2;
					};
				};
			};
			buildConfigurationList = 072A3F891BE26D2900218FC2 /* Build configuration list for PBXProject "Commuter" */;
			compatibilityVersion = "Xcode 3.2";
			developmentRegion = English;
			hasScannedForEncodings = 0;
			knownRegions = (
				en,
				Base,
			);
			mainGroup = 072A3F851BE26D2900218FC2;
			productRefGroup = 072A3F8F1BE26D2900218FC2 /* Products */;
			projectDirPath = "";
			projectRoot = "";
			targets = (
				072A3F8D1BE26D2900218FC2 /* Commuter */,
				072A3FA21BE26D2900218FC2 /* CommuterTests */,
			);
		};
/* End PBXProject section */

/* Begin PBXResourcesBuildPhase section */
		072A3F8C1BE26D2900218FC2 /* Resources */ = {
			isa = PBXResourcesBuildPhase;
			buildActionMask = 2147483647;
			files = (
				072A3F991BE26D2900218FC2 /* Main.storyboard in Resources */,
				072A3F9E1BE26D2900218FC2 /* LaunchScreen.xib in Resources */,
				072A3F9B1BE26D2900218FC2 /* Images.xcassets in Resources */,
			);
			runOnlyForDeploymentPostprocessing = 0;
		};
		072A3FA11BE26D2900218FC2 /* Resources */ = {
			isa = PBXResourcesBuildPhase;
			buildActionMask = 2147483647;
			files = (
			);
			runOnlyForDeploymentPostprocessing = 0;
		};
/* End PBXResourcesBuildPhase section */

/* Begin PBXSourcesBuildPhase section */
		072A3F8A1BE26D2900218FC2 /* Sources */ = {
			isa = PBXSourcesBuildPhase;
			buildActionMask = 2147483647;
			files = (
				072A3F961BE26D2900218FC2 /* ViewController.swift in Sources */,
				072A3F941BE26D2900218FC2 /* AppDelegate.swift in Sources */,
			);
			runOnlyForDeploymentPostprocessing = 0;
		};
		072A3F9F1BE26D2900218FC2 /* Sources */ = {
			isa = PBXSourcesBuildPhase;
			buildActionMask = 2147483647;
			files = (
				072A3FAA1BE26D2900218FC2 /* CommuterTests.swift in Sources */,
			);
			runOnlyForDeploymentPostprocessing = 0;
		};
/* End PBXSourcesBuildPhase section */

/* Begin PBXTargetDependency section */
		072A3FA51BE26D2900218FC2 /* PBXTargetDependency */ = {
			isa = PBXTargetDependency;
			target = 072A3F8D1BE26D2900218FC2 /* Commuter */;
			targetProxy = 072A3FA41BE26D2900218FC2 /* PBXContainerItemProxy */;
		};
/* End PBXTargetDependency section */

/* Begin PBXVariantGroup section */
		072A3F971BE26D2900218FC2 /* Main.storyboard */ = {
			isa = PBXVariantGroup;
			children = (
				072A3F981BE26D2900218FC2 /* Base */,
			);
			name = Main.storyboard;
			sourceTree = "<group>";
		};
		072A3F9C1BE26D2900218FC2 /* LaunchScreen.xib */ = {
			isa = PBXVariantGroup;
			children = (
				072A3F9D1BE26D2900218FC2 /* Base */,
			);
			name = LaunchScreen.xib;
			sourceTree = "<group>";
		};
/* End PBXVariantGroup section */

/* Begin XCBuildConfiguration section */
		072A3FAB1BE26D2900218FC2 /* Debug */ = {
			isa = XCBuildConfiguration;
			buildSettings = {
				ALWAYS_SEARCH_USER_PATHS = NO;
				CLANG_CXX_LANGUAGE_STANDARD = "gnu++0x";
				CLANG_CXX_LIBRARY = "libc++";
				CLANG_ENABLE_MODULES = YES;
				CLANG_ENABLE_OBJC_ARC = YES;
				CLANG_WARN_BOOL_CONVERSION = YES;
				CLANG_WARN_CONSTANT_CONVERSION = YES;
				CLANG_WARN_DIRECT_OBJC_ISA_USAGE = YES_ERROR;
				CLANG_WARN_EMPTY_BODY = YES;
				CLANG_WARN_ENUM_CONVERSION = YES;
				CLANG_WARN_INT_CONVERSION = YES;
				CLANG_WARN_OBJC_ROOT_CLASS = YES_ERROR;
				CLANG_WARN_UNREACHABLE_CODE = YES;
				CLANG_WARN__DUPLICATE_METHOD_MATCH = YES;
				"CODE_SIGN_IDENTITY[sdk=iphoneos*]" = "iPhone Developer";
				COPY_PHASE_STRIP = NO;
				DEBUG_INFORMATION_FORMAT = "dwarf-with-dsym";
				ENABLE_STRICT_OBJC_MSGSEND = YES;
				GCC_C_LANGUAGE_STANDARD = gnu99;
				GCC_DYNAMIC_NO_PIC = NO;
				GCC_NO_COMMON_BLOCKS = YES;
				GCC_OPTIMIZATION_LEVEL = 0;
				GCC_PREPROCESSOR_DEFINITIONS = (
					"DEBUG=1",
					"$(inherited)",
				);
				GCC_SYMBOLS_PRIVATE_EXTERN = NO;
				GCC_WARN_64_TO_32_BIT_CONVERSION = YES;
				GCC_WARN_ABOUT_RETURN_TYPE = YES_ERROR;
				GCC_WARN_UNDECLARED_SELECTOR = YES;
				GCC_WARN_UNINITIALIZED_AUTOS = YES_AGGRESSIVE;
				GCC_WARN_UNUSED_FUNCTION = YES;
				GCC_WARN_UNUSED_VARIABLE = YES;
				IPHONEOS_DEPLOYMENT_TARGET = 8.3;
				MTL_ENABLE_DEBUG_INFO = YES;
				ONLY_ACTIVE_ARCH = YES;
				SDKROOT = iphoneos;
				SWIFT_OPTIMIZATION_LEVEL = "-Onone";
			};
			name = Debug;
		};
		072A3FAC1BE26D2900218FC2 /* Release */ = {
			isa = XCBuildConfiguration;
			buildSettings = {
				ALWAYS_SEARCH_USER_PATHS = NO;
				CLANG_CXX_LANGUAGE_STANDARD = "gnu++0x";
				CLANG_CXX_LIBRARY = "libc++";
				CLANG_ENABLE_MODULES = YES;
				CLANG_ENABLE_OBJC_ARC = YES;
				CLANG_WARN_BOOL_CONVERSION = YES;
				CLANG_WARN_CONSTANT_CONVERSION = YES;
				CLANG_WARN_DIRECT_OBJC_ISA_USAGE = YES_ERROR;
				CLANG_WARN_EMPTY_BODY = YES;
				CLANG_WARN_ENUM_CONVERSION = YES;
				CLANG_WARN_INT_CONVERSION = YES;
				CLANG_WARN_OBJC_ROOT_CLASS = YES_ERROR;
				CLANG_WARN_UNREACHABLE_CODE = YES;
				CLANG_WARN__DUPLICATE_METHOD_MATCH = YES;
				"CODE_SIGN_IDENTITY[sdk=iphoneos*]" = "iPhone Developer";
				COPY_PHASE_STRIP = NO;
				DEBUG_INFORMATION_FORMAT = "dwarf-with-dsym";
				ENABLE_NS_ASSERTIONS = NO;
				ENABLE_STRICT_OBJC_MSGSEND = YES;
				GCC_C_LANGUAGE_STANDARD = gnu99;
				GCC_NO_COMMON_BLOCKS = YES;
				GCC_WARN_64_TO_32_BIT_CONVERSION = YES;
				GCC_WARN_ABOUT_RETURN_TYPE = YES_ERROR;
				GCC_WARN_UNDECLARED_SELECTOR = YES;
				GCC_WARN_UNINITIALIZED_AUTOS = YES_AGGRESSIVE;
				GCC_WARN_UNUSED_FUNCTION = YES;
				GCC_WARN_UNUSED_VARIABLE = YES;
				IPHONEOS_DEPLOYMENT_TARGET = 8.3;
				MTL_ENABLE_DEBUG_INFO = NO;
				SDKROOT = iphoneos;
				VALIDATE_PRODUCT = YES;
			};
			name = Release;
		};
		072A3FAE1BE26D2900218FC2 /* Debug */ = {
			isa = XCBuildConfiguration;
			buildSettings = {
				ASSETCATALOG_COMPILER_APPICON_NAME = AppIcon;
				INFOPLIST_FILE = Commuter/Info.plist;
				LD_RUNPATH_SEARCH_PATHS = "$(inherited) @executable_path/Frameworks";
				PRODUCT_NAME = "$(TARGET_NAME)";
			};
			name = Debug;
		};
		072A3FAF1BE26D2900218FC2 /* Release */ = {
			isa = XCBuildConfiguration;
			buildSettings = {
				ASSETCATALOG_COMPILER_APPICON_NAME = AppIcon;
				INFOPLIST_FILE = Commuter/Info.plist;
				LD_RUNPATH_SEARCH_PATHS = "$(inherited) @executable_path/Frameworks";
				PRODUCT_NAME = "$(TARGET_NAME)";
			};
			name = Release;
		};
		072A3FB11BE26D2900218FC2 /* Debug */ = {
			isa = XCBuildConfiguration;
			buildSettings = {
				BUNDLE_LOADER = "$(TEST_HOST)";
				FRAMEWORK_SEARCH_PATHS = (
					"$(SDKROOT)/Developer/Library/Frameworks",
					"$(inherited)",
				);
				GCC_PREPROCESSOR_DEFINITIONS = (
					"DEBUG=1",
					"$(inherited)",
				);
				INFOPLIST_FILE = CommuterTests/Info.plist;
				LD_RUNPATH_SEARCH_PATHS = "$(inherited) @executable_path/Frameworks @loader_path/Frameworks";
				PRODUCT_NAME = "$(TARGET_NAME)";
				TEST_HOST = "$(BUILT_PRODUCTS_DIR)/Commuter.app/Commuter";
			};
			name = Debug;
		};
		072A3FB21BE26D2900218FC2 /* Release */ = {
			isa = XCBuildConfiguration;
			buildSettings = {
				BUNDLE_LOADER = "$(TEST_HOST)";
				FRAMEWORK_SEARCH_PATHS = (
					"$(SDKROOT)/Developer/Library/Frameworks",
					"$(inherited)",
				);
				INFOPLIST_FILE = CommuterTests/Info.plist;
				LD_RUNPATH_SEARCH_PATHS = "$(inherited) @executable_path/Frameworks @loader_path/Frameworks";
				PRODUCT_NAME = "$(TARGET_NAME)";
				TEST_HOST = "$(BUILT_PRODUCTS_DIR)/Commuter.app/Commuter";
			};
			name = Release;
		};
/* End XCBuildConfiguration section */

/* Begin XCConfigurationList section */
		072A3F891BE26D2900218FC2 /* Build configuration list for PBXProject "Commuter" */ = {
			isa = XCConfigurationList;
			buildConfigurations = (
				072A3FAB1BE26D2900218FC2 /* Debug */,
				072A3FAC1BE26D2900218FC2 /* Release */,
			);
			defaultConfigurationIsVisible = 0;
			defaultConfigurationName = Release;
		};
		072A3FAD1BE26D2900218FC2 /* Build configuration list for PBXNativeTarget "Commuter" */ = {
			isa = XCConfigurationList;
			buildConfigurations = (
				072A3FAE1BE26D2900218FC2 /* Debug */,
				072A3FAF1BE26D2900218FC2 /* Release */,
			);
			defaultConfigurationIsVisible = 0;
		};
		072A3FB01BE26D2900218FC2 /* Build configuration list for PBXNativeTarget "CommuterTests" */ = {
			isa = XCConfigurationList;
			buildConfigurations = (
				072A3FB11BE26D2900218FC2 /* Debug */,
				072A3FB21BE26D2900218FC2 /* Release */,
			);
			defaultConfigurationIsVisible = 0;
		};
/* End XCConfigurationList section */
	};
	rootObject = 072A3F861BE26D2900218FC2 /* Project object */;
}
