// !$*UTF8*$!
{
	archiveVersion = 1;
	classes = {
	};
	objectVersion = 46;
	objects = {

/* Begin PBXBuildFile section */
		07E6AED81BCD596D00EEE791 /* AppDelegate.swift in Sources */ = {isa = PBXBuildFile; fileRef = 07E6AED71BCD596D00EEE791 /* AppDelegate.swift */; };
		07E6AEDA1BCD596D00EEE791 /* ViewController.swift in Sources */ = {isa = PBXBuildFile; fileRef = 07E6AED91BCD596D00EEE791 /* ViewController.swift */; };
		07E6AEDD1BCD596D00EEE791 /* Main.storyboard in Resources */ = {isa = PBXBuildFile; fileRef = 07E6AEDB1BCD596D00EEE791 /* Main.storyboard */; };
		07E6AEDF1BCD596D00EEE791 /* Images.xcassets in Resources */ = {isa = PBXBuildFile; fileRef = 07E6AEDE1BCD596D00EEE791 /* Images.xcassets */; };
		07E6AEE21BCD596D00EEE791 /* LaunchScreen.xib in Resources */ = {isa = PBXBuildFile; fileRef = 07E6AEE01BCD596D00EEE791 /* LaunchScreen.xib */; };
		07E6AEEE1BCD596D00EEE791 /* gestureTests.swift in Sources */ = {isa = PBXBuildFile; fileRef = 07E6AEED1BCD596D00EEE791 /* gestureTests.swift */; };
		07E6AEF81BCD68B500EEE791 /* AVFoundation.framework in Frameworks */ = {isa = PBXBuildFile; fileRef = 07E6AEF71BCD68B500EEE791 /* AVFoundation.framework */; };
		07E6AEFA1BCD6BB500EEE791 /* Last of the Jedi.mp3 in Resources */ = {isa = PBXBuildFile; fileRef = 07E6AEF91BCD6BB500EEE791 /* Last of the Jedi.mp3 */; };
/* End PBXBuildFile section */

/* Begin PBXContainerItemProxy section */
		07E6AEE81BCD596D00EEE791 /* PBXContainerItemProxy */ = {
			isa = PBXContainerItemProxy;
			containerPortal = 07E6AECA1BCD596D00EEE791 /* Project object */;
			proxyType = 1;
			remoteGlobalIDString = 07E6AED11BCD596D00EEE791;
			remoteInfo = gesture;
		};
/* End PBXContainerItemProxy section */

/* Begin PBXFileReference section */
		07E6AED21BCD596D00EEE791 /* gesture.app */ = {isa = PBXFileReference; explicitFileType = wrapper.application; includeInIndex = 0; path = gesture.app; sourceTree = BUILT_PRODUCTS_DIR; };
		07E6AED61BCD596D00EEE791 /* Info.plist */ = {isa = PBXFileReference; lastKnownFileType = text.plist.xml; path = Info.plist; sourceTree = "<group>"; };
		07E6AED71BCD596D00EEE791 /* AppDelegate.swift */ = {isa = PBXFileReference; lastKnownFileType = sourcecode.swift; path = AppDelegate.swift; sourceTree = "<group>"; };
		07E6AED91BCD596D00EEE791 /* ViewController.swift */ = {isa = PBXFileReference; lastKnownFileType = sourcecode.swift; path = ViewController.swift; sourceTree = "<group>"; };
		07E6AEDC1BCD596D00EEE791 /* Base */ = {isa = PBXFileReference; lastKnownFileType = file.storyboard; name = Base; path = Base.lproj/Main.storyboard; sourceTree = "<group>"; };
		07E6AEDE1BCD596D00EEE791 /* Images.xcassets */ = {isa = PBXFileReference; lastKnownFileType = folder.assetcatalog; path = Images.xcassets; sourceTree = "<group>"; };
		07E6AEE11BCD596D00EEE791 /* Base */ = {isa = PBXFileReference; lastKnownFileType = file.xib; name = Base; path = Base.lproj/LaunchScreen.xib; sourceTree = "<group>"; };
		07E6AEE71BCD596D00EEE791 /* gestureTests.xctest */ = {isa = PBXFileReference; explicitFileType = wrapper.cfbundle; includeInIndex = 0; path = gestureTests.xctest; sourceTree = BUILT_PRODUCTS_DIR; };
		07E6AEEC1BCD596D00EEE791 /* Info.plist */ = {isa = PBXFileReference; lastKnownFileType = text.plist.xml; path = Info.plist; sourceTree = "<group>"; };
		07E6AEED1BCD596D00EEE791 /* gestureTests.swift */ = {isa = PBXFileReference; lastKnownFileType = sourcecode.swift; path = gestureTests.swift; sourceTree = "<group>"; };
		07E6AEF71BCD68B500EEE791 /* AVFoundation.framework */ = {isa = PBXFileReference; lastKnownFileType = wrapper.framework; name = AVFoundation.framework; path = System/Library/Frameworks/AVFoundation.framework; sourceTree = SDKROOT; };
		07E6AEF91BCD6BB500EEE791 /* Last of the Jedi.mp3 */ = {isa = PBXFileReference; lastKnownFileType = audio.mp3; path = "Last of the Jedi.mp3"; sourceTree = "<group>"; };
/* End PBXFileReference section */

/* Begin PBXFrameworksBuildPhase section */
		07E6AECF1BCD596D00EEE791 /* Frameworks */ = {
			isa = PBXFrameworksBuildPhase;
			buildActionMask = 2147483647;
			files = (
				07E6AEF81BCD68B500EEE791 /* AVFoundation.framework in Frameworks */,
			);
			runOnlyForDeploymentPostprocessing = 0;
		};
		07E6AEE41BCD596D00EEE791 /* Frameworks */ = {
			isa = PBXFrameworksBuildPhase;
			buildActionMask = 2147483647;
			files = (
			);
			runOnlyForDeploymentPostprocessing = 0;
		};
/* End PBXFrameworksBuildPhase section */

/* Begin PBXGroup section */
		07E6AEC91BCD596D00EEE791 = {
			isa = PBXGroup;
			children = (
				07E6AEF71BCD68B500EEE791 /* AVFoundation.framework */,
				07E6AED41BCD596D00EEE791 /* gesture */,
				07E6AEEA1BCD596D00EEE791 /* gestureTests */,
				07E6AED31BCD596D00EEE791 /* Products */,
			);
			sourceTree = "<group>";
		};
		07E6AED31BCD596D00EEE791 /* Products */ = {
			isa = PBXGroup;
			children = (
				07E6AED21BCD596D00EEE791 /* gesture.app */,
				07E6AEE71BCD596D00EEE791 /* gestureTests.xctest */,
			);
			name = Products;
			sourceTree = "<group>";
		};
		07E6AED41BCD596D00EEE791 /* gesture */ = {
			isa = PBXGroup;
			children = (
				07E6AED71BCD596D00EEE791 /* AppDelegate.swift */,
				07E6AED91BCD596D00EEE791 /* ViewController.swift */,
				07E6AEDB1BCD596D00EEE791 /* Main.storyboard */,
				07E6AEDE1BCD596D00EEE791 /* Images.xcassets */,
				07E6AEE01BCD596D00EEE791 /* LaunchScreen.xib */,
				07E6AED51BCD596D00EEE791 /* Supporting Files */,
			);
			path = gesture;
			sourceTree = "<group>";
		};
		07E6AED51BCD596D00EEE791 /* Supporting Files */ = {
			isa = PBXGroup;
			children = (
				07E6AEF91BCD6BB500EEE791 /* Last of the Jedi.mp3 */,
				07E6AED61BCD596D00EEE791 /* Info.plist */,
			);
			name = "Supporting Files";
			sourceTree = "<group>";
		};
		07E6AEEA1BCD596D00EEE791 /* gestureTests */ = {
			isa = PBXGroup;
			children = (
				07E6AEED1BCD596D00EEE791 /* gestureTests.swift */,
				07E6AEEB1BCD596D00EEE791 /* Supporting Files */,
			);
			path = gestureTests;
			sourceTree = "<group>";
		};
		07E6AEEB1BCD596D00EEE791 /* Supporting Files */ = {
			isa = PBXGroup;
			children = (
				07E6AEEC1BCD596D00EEE791 /* Info.plist */,
			);
			name = "Supporting Files";
			sourceTree = "<group>";
		};
/* End PBXGroup section */

/* Begin PBXNativeTarget section */
		07E6AED11BCD596D00EEE791 /* gesture */ = {
			isa = PBXNativeTarget;
			buildConfigurationList = 07E6AEF11BCD596D00EEE791 /* Build configuration list for PBXNativeTarget "gesture" */;
			buildPhases = (
				07E6AECE1BCD596D00EEE791 /* Sources */,
				07E6AECF1BCD596D00EEE791 /* Frameworks */,
				07E6AED01BCD596D00EEE791 /* Resources */,
			);
			buildRules = (
			);
			dependencies = (
			);
			name = gesture;
			productName = gesture;
			productReference = 07E6AED21BCD596D00EEE791 /* gesture.app */;
			productType = "com.apple.product-type.application";
		};
		07E6AEE61BCD596D00EEE791 /* gestureTests */ = {
			isa = PBXNativeTarget;
			buildConfigurationList = 07E6AEF41BCD596D00EEE791 /* Build configuration list for PBXNativeTarget "gestureTests" */;
			buildPhases = (
				07E6AEE31BCD596D00EEE791 /* Sources */,
				07E6AEE41BCD596D00EEE791 /* Frameworks */,
				07E6AEE51BCD596D00EEE791 /* Resources */,
			);
			buildRules = (
			);
			dependencies = (
				07E6AEE91BCD596D00EEE791 /* PBXTargetDependency */,
			);
			name = gestureTests;
			productName = gestureTests;
			productReference = 07E6AEE71BCD596D00EEE791 /* gestureTests.xctest */;
			productType = "com.apple.product-type.bundle.unit-test";
		};
/* End PBXNativeTarget section */

/* Begin PBXProject section */
		07E6AECA1BCD596D00EEE791 /* Project object */ = {
			isa = PBXProject;
			attributes = {
				LastUpgradeCheck = 0630;
				ORGANIZATIONNAME = "Connor McGuinness";
				TargetAttributes = {
					07E6AED11BCD596D00EEE791 = {
						CreatedOnToolsVersion = 6.3.2;
					};
					07E6AEE61BCD596D00EEE791 = {
						CreatedOnToolsVersion = 6.3.2;
						TestTargetID = 07E6AED11BCD596D00EEE791;
					};
				};
			};
			buildConfigurationList = 07E6AECD1BCD596D00EEE791 /* Build configuration list for PBXProject "gesture" */;
			compatibilityVersion = "Xcode 3.2";
			developmentRegion = English;
			hasScannedForEncodings = 0;
			knownRegions = (
				en,
				Base,
			);
			mainGroup = 07E6AEC91BCD596D00EEE791;
			productRefGroup = 07E6AED31BCD596D00EEE791 /* Products */;
			projectDirPath = "";
			projectRoot = "";
			targets = (
				07E6AED11BCD596D00EEE791 /* gesture */,
				07E6AEE61BCD596D00EEE791 /* gestureTests */,
			);
		};
/* End PBXProject section */

/* Begin PBXResourcesBuildPhase section */
		07E6AED01BCD596D00EEE791 /* Resources */ = {
			isa = PBXResourcesBuildPhase;
			buildActionMask = 2147483647;
			files = (
				07E6AEFA1BCD6BB500EEE791 /* Last of the Jedi.mp3 in Resources */,
				07E6AEDD1BCD596D00EEE791 /* Main.storyboard in Resources */,
				07E6AEE21BCD596D00EEE791 /* LaunchScreen.xib in Resources */,
				07E6AEDF1BCD596D00EEE791 /* Images.xcassets in Resources */,
			);
			runOnlyForDeploymentPostprocessing = 0;
		};
		07E6AEE51BCD596D00EEE791 /* Resources */ = {
			isa = PBXResourcesBuildPhase;
			buildActionMask = 2147483647;
			files = (
			);
			runOnlyForDeploymentPostprocessing = 0;
		};
/* End PBXResourcesBuildPhase section */

/* Begin PBXSourcesBuildPhase section */
		07E6AECE1BCD596D00EEE791 /* Sources */ = {
			isa = PBXSourcesBuildPhase;
			buildActionMask = 2147483647;
			files = (
				07E6AEDA1BCD596D00EEE791 /* ViewController.swift in Sources */,
				07E6AED81BCD596D00EEE791 /* AppDelegate.swift in Sources */,
			);
			runOnlyForDeploymentPostprocessing = 0;
		};
		07E6AEE31BCD596D00EEE791 /* Sources */ = {
			isa = PBXSourcesBuildPhase;
			buildActionMask = 2147483647;
			files = (
				07E6AEEE1BCD596D00EEE791 /* gestureTests.swift in Sources */,
			);
			runOnlyForDeploymentPostprocessing = 0;
		};
/* End PBXSourcesBuildPhase section */

/* Begin PBXTargetDependency section */
		07E6AEE91BCD596D00EEE791 /* PBXTargetDependency */ = {
			isa = PBXTargetDependency;
			target = 07E6AED11BCD596D00EEE791 /* gesture */;
			targetProxy = 07E6AEE81BCD596D00EEE791 /* PBXContainerItemProxy */;
		};
/* End PBXTargetDependency section */

/* Begin PBXVariantGroup section */
		07E6AEDB1BCD596D00EEE791 /* Main.storyboard */ = {
			isa = PBXVariantGroup;
			children = (
				07E6AEDC1BCD596D00EEE791 /* Base */,
			);
			name = Main.storyboard;
			sourceTree = "<group>";
		};
		07E6AEE01BCD596D00EEE791 /* LaunchScreen.xib */ = {
			isa = PBXVariantGroup;
			children = (
				07E6AEE11BCD596D00EEE791 /* Base */,
			);
			name = LaunchScreen.xib;
			sourceTree = "<group>";
		};
/* End PBXVariantGroup section */

/* Begin XCBuildConfiguration section */
		07E6AEEF1BCD596D00EEE791 /* Debug */ = {
			isa = XCBuildConfiguration;
			buildSettings = {
				ALWAYS_SEARCH_USER_PATHS = NO;
				CLANG_CXX_LANGUAGE_STANDARD = "gnu++0x";
				CLANG_CXX_LIBRARY = "libc++";
				CLANG_ENABLE_MODULES = YES;
				CLANG_ENABLE_OBJC_ARC = YES;
				CLANG_WARN_BOOL_CONVERSION = YES;
				CLANG_WARN_CONSTANT_CONVERSION = YES;
				CLANG_WARN_DIRECT_OBJC_ISA_USAGE = YES_ERROR;
				CLANG_WARN_EMPTY_BODY = YES;
				CLANG_WARN_ENUM_CONVERSION = YES;
				CLANG_WARN_INT_CONVERSION = YES;
				CLANG_WARN_OBJC_ROOT_CLASS = YES_ERROR;
				CLANG_WARN_UNREACHABLE_CODE = YES;
				CLANG_WARN__DUPLICATE_METHOD_MATCH = YES;
				"CODE_SIGN_IDENTITY[sdk=iphoneos*]" = "iPhone Developer";
				COPY_PHASE_STRIP = NO;
				DEBUG_INFORMATION_FORMAT = "dwarf-with-dsym";
				ENABLE_STRICT_OBJC_MSGSEND = YES;
				GCC_C_LANGUAGE_STANDARD = gnu99;
				GCC_DYNAMIC_NO_PIC = NO;
				GCC_NO_COMMON_BLOCKS = YES;
				GCC_OPTIMIZATION_LEVEL = 0;
				GCC_PREPROCESSOR_DEFINITIONS = (
					"DEBUG=1",
					"$(inherited)",
				);
				GCC_SYMBOLS_PRIVATE_EXTERN = NO;
				GCC_WARN_64_TO_32_BIT_CONVERSION = YES;
				GCC_WARN_ABOUT_RETURN_TYPE = YES_ERROR;
				GCC_WARN_UNDECLARED_SELECTOR = YES;
				GCC_WARN_UNINITIALIZED_AUTOS = YES_AGGRESSIVE;
				GCC_WARN_UNUSED_FUNCTION = YES;
				GCC_WARN_UNUSED_VARIABLE = YES;
				IPHONEOS_DEPLOYMENT_TARGET = 8.3;
				MTL_ENABLE_DEBUG_INFO = YES;
				ONLY_ACTIVE_ARCH = YES;
				SDKROOT = iphoneos;
				SWIFT_OPTIMIZATION_LEVEL = "-Onone";
			};
			name = Debug;
		};
		07E6AEF01BCD596D00EEE791 /* Release */ = {
			isa = XCBuildConfiguration;
			buildSettings = {
				ALWAYS_SEARCH_USER_PATHS = NO;
				CLANG_CXX_LANGUAGE_STANDARD = "gnu++0x";
				CLANG_CXX_LIBRARY = "libc++";
				CLANG_ENABLE_MODULES = YES;
				CLANG_ENABLE_OBJC_ARC = YES;
				CLANG_WARN_BOOL_CONVERSION = YES;
				CLANG_WARN_CONSTANT_CONVERSION = YES;
				CLANG_WARN_DIRECT_OBJC_ISA_USAGE = YES_ERROR;
				CLANG_WARN_EMPTY_BODY = YES;
				CLANG_WARN_ENUM_CONVERSION = YES;
				CLANG_WARN_INT_CONVERSION = YES;
				CLANG_WARN_OBJC_ROOT_CLASS = YES_ERROR;
				CLANG_WARN_UNREACHABLE_CODE = YES;
				CLANG_WARN__DUPLICATE_METHOD_MATCH = YES;
				"CODE_SIGN_IDENTITY[sdk=iphoneos*]" = "iPhone Developer";
				COPY_PHASE_STRIP = NO;
				DEBUG_INFORMATION_FORMAT = "dwarf-with-dsym";
				ENABLE_NS_ASSERTIONS = NO;
				ENABLE_STRICT_OBJC_MSGSEND = YES;
				GCC_C_LANGUAGE_STANDARD = gnu99;
				GCC_NO_COMMON_BLOCKS = YES;
				GCC_WARN_64_TO_32_BIT_CONVERSION = YES;
				GCC_WARN_ABOUT_RETURN_TYPE = YES_ERROR;
				GCC_WARN_UNDECLARED_SELECTOR = YES;
				GCC_WARN_UNINITIALIZED_AUTOS = YES_AGGRESSIVE;
				GCC_WARN_UNUSED_FUNCTION = YES;
				GCC_WARN_UNUSED_VARIABLE = YES;
				IPHONEOS_DEPLOYMENT_TARGET = 8.3;
				MTL_ENABLE_DEBUG_INFO = NO;
				SDKROOT = iphoneos;
				VALIDATE_PRODUCT = YES;
			};
			name = Release;
		};
		07E6AEF21BCD596D00EEE791 /* Debug */ = {
			isa = XCBuildConfiguration;
			buildSettings = {
				ASSETCATALOG_COMPILER_APPICON_NAME = AppIcon;
				INFOPLIST_FILE = gesture/Info.plist;
				LD_RUNPATH_SEARCH_PATHS = "$(inherited) @executable_path/Frameworks";
				PRODUCT_NAME = "$(TARGET_NAME)";
			};
			name = Debug;
		};
		07E6AEF31BCD596D00EEE791 /* Release */ = {
			isa = XCBuildConfiguration;
			buildSettings = {
				ASSETCATALOG_COMPILER_APPICON_NAME = AppIcon;
				INFOPLIST_FILE = gesture/Info.plist;
				LD_RUNPATH_SEARCH_PATHS = "$(inherited) @executable_path/Frameworks";
				PRODUCT_NAME = "$(TARGET_NAME)";
			};
			name = Release;
		};
		07E6AEF51BCD596D00EEE791 /* Debug */ = {
			isa = XCBuildConfiguration;
			buildSettings = {
				BUNDLE_LOADER = "$(TEST_HOST)";
				FRAMEWORK_SEARCH_PATHS = (
					"$(SDKROOT)/Developer/Library/Frameworks",
					"$(inherited)",
				);
				GCC_PREPROCESSOR_DEFINITIONS = (
					"DEBUG=1",
					"$(inherited)",
				);
				INFOPLIST_FILE = gestureTests/Info.plist;
				LD_RUNPATH_SEARCH_PATHS = "$(inherited) @executable_path/Frameworks @loader_path/Frameworks";
				PRODUCT_NAME = "$(TARGET_NAME)";
				TEST_HOST = "$(BUILT_PRODUCTS_DIR)/gesture.app/gesture";
			};
			name = Debug;
		};
		07E6AEF61BCD596D00EEE791 /* Release */ = {
			isa = XCBuildConfiguration;
			buildSettings = {
				BUNDLE_LOADER = "$(TEST_HOST)";
				FRAMEWORK_SEARCH_PATHS = (
					"$(SDKROOT)/Developer/Library/Frameworks",
					"$(inherited)",
				);
				INFOPLIST_FILE = gestureTests/Info.plist;
				LD_RUNPATH_SEARCH_PATHS = "$(inherited) @executable_path/Frameworks @loader_path/Frameworks";
				PRODUCT_NAME = "$(TARGET_NAME)";
				TEST_HOST = "$(BUILT_PRODUCTS_DIR)/gesture.app/gesture";
			};
			name = Release;
		};
/* End XCBuildConfiguration section */

/* Begin XCConfigurationList section */
		07E6AECD1BCD596D00EEE791 /* Build configuration list for PBXProject "gesture" */ = {
			isa = XCConfigurationList;
			buildConfigurations = (
				07E6AEEF1BCD596D00EEE791 /* Debug */,
				07E6AEF01BCD596D00EEE791 /* Release */,
			);
			defaultConfigurationIsVisible = 0;
			defaultConfigurationName = Release;
		};
		07E6AEF11BCD596D00EEE791 /* Build configuration list for PBXNativeTarget "gesture" */ = {
			isa = XCConfigurationList;
			buildConfigurations = (
				07E6AEF21BCD596D00EEE791 /* Debug */,
				07E6AEF31BCD596D00EEE791 /* Release */,
			);
			defaultConfigurationIsVisible = 0;
		};
		07E6AEF41BCD596D00EEE791 /* Build configuration list for PBXNativeTarget "gestureTests" */ = {
			isa = XCConfigurationList;
			buildConfigurations = (
				07E6AEF51BCD596D00EEE791 /* Debug */,
				07E6AEF61BCD596D00EEE791 /* Release */,
			);
			defaultConfigurationIsVisible = 0;
		};
/* End XCConfigurationList section */
	};
	rootObject = 07E6AECA1BCD596D00EEE791 /* Project object */;
}
