// !$*UTF8*$!
{
	archiveVersion = 1;
	classes = {
	};
	objectVersion = 46;
	objects = {

/* Begin PBXBuildFile section */
		884D6F0D1BBCB95700DB898F /* AppDelegate.swift in Sources */ = {isa = PBXBuildFile; fileRef = 884D6F0C1BBCB95700DB898F /* AppDelegate.swift */; };
		884D6F0F1BBCB95700DB898F /* ViewController.swift in Sources */ = {isa = PBXBuildFile; fileRef = 884D6F0E1BBCB95700DB898F /* ViewController.swift */; };
		884D6F121BBCB95700DB898F /* Main.storyboard in Resources */ = {isa = PBXBuildFile; fileRef = 884D6F101BBCB95700DB898F /* Main.storyboard */; };
		884D6F141BBCB95700DB898F /* Images.xcassets in Resources */ = {isa = PBXBuildFile; fileRef = 884D6F131BBCB95700DB898F /* Images.xcassets */; };
		884D6F171BBCB95700DB898F /* LaunchScreen.xib in Resources */ = {isa = PBXBuildFile; fileRef = 884D6F151BBCB95700DB898F /* LaunchScreen.xib */; };
		884D6F231BBCB95700DB898F /* gratuity_calcTests.swift in Sources */ = {isa = PBXBuildFile; fileRef = 884D6F221BBCB95700DB898F /* gratuity_calcTests.swift */; };
/* End PBXBuildFile section */

/* Begin PBXContainerItemProxy section */
		884D6F1D1BBCB95700DB898F /* PBXContainerItemProxy */ = {
			isa = PBXContainerItemProxy;
			containerPortal = 884D6EFF1BBCB95700DB898F /* Project object */;
			proxyType = 1;
			remoteGlobalIDString = 884D6F061BBCB95700DB898F;
			remoteInfo = gratuity_calc;
		};
/* End PBXContainerItemProxy section */

/* Begin PBXFileReference section */
		884D6F071BBCB95700DB898F /* gratuity_calc.app */ = {isa = PBXFileReference; explicitFileType = wrapper.application; includeInIndex = 0; path = gratuity_calc.app; sourceTree = BUILT_PRODUCTS_DIR; };
		884D6F0B1BBCB95700DB898F /* Info.plist */ = {isa = PBXFileReference; lastKnownFileType = text.plist.xml; path = Info.plist; sourceTree = "<group>"; };
		884D6F0C1BBCB95700DB898F /* AppDelegate.swift */ = {isa = PBXFileReference; lastKnownFileType = sourcecode.swift; path = AppDelegate.swift; sourceTree = "<group>"; };
		884D6F0E1BBCB95700DB898F /* ViewController.swift */ = {isa = PBXFileReference; lastKnownFileType = sourcecode.swift; path = ViewController.swift; sourceTree = "<group>"; };
		884D6F111BBCB95700DB898F /* Base */ = {isa = PBXFileReference; lastKnownFileType = file.storyboard; name = Base; path = Base.lproj/Main.storyboard; sourceTree = "<group>"; };
		884D6F131BBCB95700DB898F /* Images.xcassets */ = {isa = PBXFileReference; lastKnownFileType = folder.assetcatalog; path = Images.xcassets; sourceTree = "<group>"; };
		884D6F161BBCB95700DB898F /* Base */ = {isa = PBXFileReference; lastKnownFileType = file.xib; name = Base; path = Base.lproj/LaunchScreen.xib; sourceTree = "<group>"; };
		884D6F1C1BBCB95700DB898F /* gratuity_calcTests.xctest */ = {isa = PBXFileReference; explicitFileType = wrapper.cfbundle; includeInIndex = 0; path = gratuity_calcTests.xctest; sourceTree = BUILT_PRODUCTS_DIR; };
		884D6F211BBCB95700DB898F /* Info.plist */ = {isa = PBXFileReference; lastKnownFileType = text.plist.xml; path = Info.plist; sourceTree = "<group>"; };
		884D6F221BBCB95700DB898F /* gratuity_calcTests.swift */ = {isa = PBXFileReference; lastKnownFileType = sourcecode.swift; path = gratuity_calcTests.swift; sourceTree = "<group>"; };
/* End PBXFileReference section */

/* Begin PBXFrameworksBuildPhase section */
		884D6F041BBCB95700DB898F /* Frameworks */ = {
			isa = PBXFrameworksBuildPhase;
			buildActionMask = 2147483647;
			files = (
			);
			runOnlyForDeploymentPostprocessing = 0;
		};
		884D6F191BBCB95700DB898F /* Frameworks */ = {
			isa = PBXFrameworksBuildPhase;
			buildActionMask = 2147483647;
			files = (
			);
			runOnlyForDeploymentPostprocessing = 0;
		};
/* End PBXFrameworksBuildPhase section */

/* Begin PBXGroup section */
		884D6EFE1BBCB95700DB898F = {
			isa = PBXGroup;
			children = (
				884D6F091BBCB95700DB898F /* gratuity_calc */,
				884D6F1F1BBCB95700DB898F /* gratuity_calcTests */,
				884D6F081BBCB95700DB898F /* Products */,
			);
			sourceTree = "<group>";
		};
		884D6F081BBCB95700DB898F /* Products */ = {
			isa = PBXGroup;
			children = (
				884D6F071BBCB95700DB898F /* gratuity_calc.app */,
				884D6F1C1BBCB95700DB898F /* gratuity_calcTests.xctest */,
			);
			name = Products;
			sourceTree = "<group>";
		};
		884D6F091BBCB95700DB898F /* gratuity_calc */ = {
			isa = PBXGroup;
			children = (
				884D6F0C1BBCB95700DB898F /* AppDelegate.swift */,
				884D6F0E1BBCB95700DB898F /* ViewController.swift */,
				884D6F101BBCB95700DB898F /* Main.storyboard */,
				884D6F131BBCB95700DB898F /* Images.xcassets */,
				884D6F151BBCB95700DB898F /* LaunchScreen.xib */,
				884D6F0A1BBCB95700DB898F /* Supporting Files */,
			);
			path = gratuity_calc;
			sourceTree = "<group>";
		};
		884D6F0A1BBCB95700DB898F /* Supporting Files */ = {
			isa = PBXGroup;
			children = (
				884D6F0B1BBCB95700DB898F /* Info.plist */,
			);
			name = "Supporting Files";
			sourceTree = "<group>";
		};
		884D6F1F1BBCB95700DB898F /* gratuity_calcTests */ = {
			isa = PBXGroup;
			children = (
				884D6F221BBCB95700DB898F /* gratuity_calcTests.swift */,
				884D6F201BBCB95700DB898F /* Supporting Files */,
			);
			path = gratuity_calcTests;
			sourceTree = "<group>";
		};
		884D6F201BBCB95700DB898F /* Supporting Files */ = {
			isa = PBXGroup;
			children = (
				884D6F211BBCB95700DB898F /* Info.plist */,
			);
			name = "Supporting Files";
			sourceTree = "<group>";
		};
/* End PBXGroup section */

/* Begin PBXNativeTarget section */
		884D6F061BBCB95700DB898F /* gratuity_calc */ = {
			isa = PBXNativeTarget;
			buildConfigurationList = 884D6F261BBCB95700DB898F /* Build configuration list for PBXNativeTarget "gratuity_calc" */;
			buildPhases = (
				884D6F031BBCB95700DB898F /* Sources */,
				884D6F041BBCB95700DB898F /* Frameworks */,
				884D6F051BBCB95700DB898F /* Resources */,
			);
			buildRules = (
			);
			dependencies = (
			);
			name = gratuity_calc;
			productName = gratuity_calc;
			productReference = 884D6F071BBCB95700DB898F /* gratuity_calc.app */;
			productType = "com.apple.product-type.application";
		};
		884D6F1B1BBCB95700DB898F /* gratuity_calcTests */ = {
			isa = PBXNativeTarget;
			buildConfigurationList = 884D6F291BBCB95700DB898F /* Build configuration list for PBXNativeTarget "gratuity_calcTests" */;
			buildPhases = (
				884D6F181BBCB95700DB898F /* Sources */,
				884D6F191BBCB95700DB898F /* Frameworks */,
				884D6F1A1BBCB95700DB898F /* Resources */,
			);
			buildRules = (
			);
			dependencies = (
				884D6F1E1BBCB95700DB898F /* PBXTargetDependency */,
			);
			name = gratuity_calcTests;
			productName = gratuity_calcTests;
			productReference = 884D6F1C1BBCB95700DB898F /* gratuity_calcTests.xctest */;
			productType = "com.apple.product-type.bundle.unit-test";
		};
/* End PBXNativeTarget section */

/* Begin PBXProject section */
		884D6EFF1BBCB95700DB898F /* Project object */ = {
			isa = PBXProject;
			attributes = {
				LastUpgradeCheck = 0640;
				ORGANIZATIONNAME = "Connor McGuinness";
				TargetAttributes = {
					884D6F061BBCB95700DB898F = {
						CreatedOnToolsVersion = 6.4;
					};
					884D6F1B1BBCB95700DB898F = {
						CreatedOnToolsVersion = 6.4;
						TestTargetID = 884D6F061BBCB95700DB898F;
					};
				};
			};
			buildConfigurationList = 884D6F021BBCB95700DB898F /* Build configuration list for PBXProject "gratuity_calc" */;
			compatibilityVersion = "Xcode 3.2";
			developmentRegion = English;
			hasScannedForEncodings = 0;
			knownRegions = (
				en,
				Base,
			);
			mainGroup = 884D6EFE1BBCB95700DB898F;
			productRefGroup = 884D6F081BBCB95700DB898F /* Products */;
			projectDirPath = "";
			projectRoot = "";
			targets = (
				884D6F061BBCB95700DB898F /* gratuity_calc */,
				884D6F1B1BBCB95700DB898F /* gratuity_calcTests */,
			);
		};
/* End PBXProject section */

/* Begin PBXResourcesBuildPhase section */
		884D6F051BBCB95700DB898F /* Resources */ = {
			isa = PBXResourcesBuildPhase;
			buildActionMask = 2147483647;
			files = (
				884D6F121BBCB95700DB898F /* Main.storyboard in Resources */,
				884D6F171BBCB95700DB898F /* LaunchScreen.xib in Resources */,
				884D6F141BBCB95700DB898F /* Images.xcassets in Resources */,
			);
			runOnlyForDeploymentPostprocessing = 0;
		};
		884D6F1A1BBCB95700DB898F /* Resources */ = {
			isa = PBXResourcesBuildPhase;
			buildActionMask = 2147483647;
			files = (
			);
			runOnlyForDeploymentPostprocessing = 0;
		};
/* End PBXResourcesBuildPhase section */

/* Begin PBXSourcesBuildPhase section */
		884D6F031BBCB95700DB898F /* Sources */ = {
			isa = PBXSourcesBuildPhase;
			buildActionMask = 2147483647;
			files = (
				884D6F0F1BBCB95700DB898F /* ViewController.swift in Sources */,
				884D6F0D1BBCB95700DB898F /* AppDelegate.swift in Sources */,
			);
			runOnlyForDeploymentPostprocessing = 0;
		};
		884D6F181BBCB95700DB898F /* Sources */ = {
			isa = PBXSourcesBuildPhase;
			buildActionMask = 2147483647;
			files = (
				884D6F231BBCB95700DB898F /* gratuity_calcTests.swift in Sources */,
			);
			runOnlyForDeploymentPostprocessing = 0;
		};
/* End PBXSourcesBuildPhase section */

/* Begin PBXTargetDependency section */
		884D6F1E1BBCB95700DB898F /* PBXTargetDependency */ = {
			isa = PBXTargetDependency;
			target = 884D6F061BBCB95700DB898F /* gratuity_calc */;
			targetProxy = 884D6F1D1BBCB95700DB898F /* PBXContainerItemProxy */;
		};
/* End PBXTargetDependency section */

/* Begin PBXVariantGroup section */
		884D6F101BBCB95700DB898F /* Main.storyboard */ = {
			isa = PBXVariantGroup;
			children = (
				884D6F111BBCB95700DB898F /* Base */,
			);
			name = Main.storyboard;
			sourceTree = "<group>";
		};
		884D6F151BBCB95700DB898F /* LaunchScreen.xib */ = {
			isa = PBXVariantGroup;
			children = (
				884D6F161BBCB95700DB898F /* Base */,
			);
			name = LaunchScreen.xib;
			sourceTree = "<group>";
		};
/* End PBXVariantGroup section */

/* Begin XCBuildConfiguration section */
		884D6F241BBCB95700DB898F /* Debug */ = {
			isa = XCBuildConfiguration;
			buildSettings = {
				ALWAYS_SEARCH_USER_PATHS = NO;
				CLANG_CXX_LANGUAGE_STANDARD = "gnu++0x";
				CLANG_CXX_LIBRARY = "libc++";
				CLANG_ENABLE_MODULES = YES;
				CLANG_ENABLE_OBJC_ARC = YES;
				CLANG_WARN_BOOL_CONVERSION = YES;
				CLANG_WARN_CONSTANT_CONVERSION = YES;
				CLANG_WARN_DIRECT_OBJC_ISA_USAGE = YES_ERROR;
				CLANG_WARN_EMPTY_BODY = YES;
				CLANG_WARN_ENUM_CONVERSION = YES;
				CLANG_WARN_INT_CONVERSION = YES;
				CLANG_WARN_OBJC_ROOT_CLASS = YES_ERROR;
				CLANG_WARN_UNREACHABLE_CODE = YES;
				CLANG_WARN__DUPLICATE_METHOD_MATCH = YES;
				"CODE_SIGN_IDENTITY[sdk=iphoneos*]" = "iPhone Developer";
				COPY_PHASE_STRIP = NO;
				DEBUG_INFORMATION_FORMAT = "dwarf-with-dsym";
				ENABLE_STRICT_OBJC_MSGSEND = YES;
				GCC_C_LANGUAGE_STANDARD = gnu99;
				GCC_DYNAMIC_NO_PIC = NO;
				GCC_NO_COMMON_BLOCKS = YES;
				GCC_OPTIMIZATION_LEVEL = 0;
				GCC_PREPROCESSOR_DEFINITIONS = (
					"DEBUG=1",
					"$(inherited)",
				);
				GCC_SYMBOLS_PRIVATE_EXTERN = NO;
				GCC_WARN_64_TO_32_BIT_CONVERSION = YES;
				GCC_WARN_ABOUT_RETURN_TYPE = YES_ERROR;
				GCC_WARN_UNDECLARED_SELECTOR = YES;
				GCC_WARN_UNINITIALIZED_AUTOS = YES_AGGRESSIVE;
				GCC_WARN_UNUSED_FUNCTION = YES;
				GCC_WARN_UNUSED_VARIABLE = YES;
				IPHONEOS_DEPLOYMENT_TARGET = 8.4;
				MTL_ENABLE_DEBUG_INFO = YES;
				ONLY_ACTIVE_ARCH = YES;
				SDKROOT = iphoneos;
				SWIFT_OPTIMIZATION_LEVEL = "-Onone";
			};
			name = Debug;
		};
		884D6F251BBCB95700DB898F /* Release */ = {
			isa = XCBuildConfiguration;
			buildSettings = {
				ALWAYS_SEARCH_USER_PATHS = NO;
				CLANG_CXX_LANGUAGE_STANDARD = "gnu++0x";
				CLANG_CXX_LIBRARY = "libc++";
				CLANG_ENABLE_MODULES = YES;
				CLANG_ENABLE_OBJC_ARC = YES;
				CLANG_WARN_BOOL_CONVERSION = YES;
				CLANG_WARN_CONSTANT_CONVERSION = YES;
				CLANG_WARN_DIRECT_OBJC_ISA_USAGE = YES_ERROR;
				CLANG_WARN_EMPTY_BODY = YES;
				CLANG_WARN_ENUM_CONVERSION = YES;
				CLANG_WARN_INT_CONVERSION = YES;
				CLANG_WARN_OBJC_ROOT_CLASS = YES_ERROR;
				CLANG_WARN_UNREACHABLE_CODE = YES;
				CLANG_WARN__DUPLICATE_METHOD_MATCH = YES;
				"CODE_SIGN_IDENTITY[sdk=iphoneos*]" = "iPhone Developer";
				COPY_PHASE_STRIP = NO;
				DEBUG_INFORMATION_FORMAT = "dwarf-with-dsym";
				ENABLE_NS_ASSERTIONS = NO;
				ENABLE_STRICT_OBJC_MSGSEND = YES;
				GCC_C_LANGUAGE_STANDARD = gnu99;
				GCC_NO_COMMON_BLOCKS = YES;
				GCC_WARN_64_TO_32_BIT_CONVERSION = YES;
				GCC_WARN_ABOUT_RETURN_TYPE = YES_ERROR;
				GCC_WARN_UNDECLARED_SELECTOR = YES;
				GCC_WARN_UNINITIALIZED_AUTOS = YES_AGGRESSIVE;
				GCC_WARN_UNUSED_FUNCTION = YES;
				GCC_WARN_UNUSED_VARIABLE = YES;
				IPHONEOS_DEPLOYMENT_TARGET = 8.4;
				MTL_ENABLE_DEBUG_INFO = NO;
				SDKROOT = iphoneos;
				VALIDATE_PRODUCT = YES;
			};
			name = Release;
		};
		884D6F271BBCB95700DB898F /* Debug */ = {
			isa = XCBuildConfiguration;
			buildSettings = {
				ASSETCATALOG_COMPILER_APPICON_NAME = AppIcon;
				INFOPLIST_FILE = gratuity_calc/Info.plist;
				LD_RUNPATH_SEARCH_PATHS = "$(inherited) @executable_path/Frameworks";
				PRODUCT_NAME = "$(TARGET_NAME)";
			};
			name = Debug;
		};
		884D6F281BBCB95700DB898F /* Release */ = {
			isa = XCBuildConfiguration;
			buildSettings = {
				ASSETCATALOG_COMPILER_APPICON_NAME = AppIcon;
				INFOPLIST_FILE = gratuity_calc/Info.plist;
				LD_RUNPATH_SEARCH_PATHS = "$(inherited) @executable_path/Frameworks";
				PRODUCT_NAME = "$(TARGET_NAME)";
			};
			name = Release;
		};
		884D6F2A1BBCB95700DB898F /* Debug */ = {
			isa = XCBuildConfiguration;
			buildSettings = {
				BUNDLE_LOADER = "$(TEST_HOST)";
				FRAMEWORK_SEARCH_PATHS = (
					"$(SDKROOT)/Developer/Library/Frameworks",
					"$(inherited)",
				);
				GCC_PREPROCESSOR_DEFINITIONS = (
					"DEBUG=1",
					"$(inherited)",
				);
				INFOPLIST_FILE = gratuity_calcTests/Info.plist;
				LD_RUNPATH_SEARCH_PATHS = "$(inherited) @executable_path/Frameworks @loader_path/Frameworks";
				PRODUCT_NAME = "$(TARGET_NAME)";
				TEST_HOST = "$(BUILT_PRODUCTS_DIR)/gratuity_calc.app/gratuity_calc";
			};
			name = Debug;
		};
		884D6F2B1BBCB95700DB898F /* Release */ = {
			isa = XCBuildConfiguration;
			buildSettings = {
				BUNDLE_LOADER = "$(TEST_HOST)";
				FRAMEWORK_SEARCH_PATHS = (
					"$(SDKROOT)/Developer/Library/Frameworks",
					"$(inherited)",
				);
				INFOPLIST_FILE = gratuity_calcTests/Info.plist;
				LD_RUNPATH_SEARCH_PATHS = "$(inherited) @executable_path/Frameworks @loader_path/Frameworks";
				PRODUCT_NAME = "$(TARGET_NAME)";
				TEST_HOST = "$(BUILT_PRODUCTS_DIR)/gratuity_calc.app/gratuity_calc";
			};
			name = Release;
		};
/* End XCBuildConfiguration section */

/* Begin XCConfigurationList section */
		884D6F021BBCB95700DB898F /* Build configuration list for PBXProject "gratuity_calc" */ = {
			isa = XCConfigurationList;
			buildConfigurations = (
				884D6F241BBCB95700DB898F /* Debug */,
				884D6F251BBCB95700DB898F /* Release */,
			);
			defaultConfigurationIsVisible = 0;
			defaultConfigurationName = Release;
		};
		884D6F261BBCB95700DB898F /* Build configuration list for PBXNativeTarget "gratuity_calc" */ = {
			isa = XCConfigurationList;
			buildConfigurations = (
				884D6F271BBCB95700DB898F /* Debug */,
				884D6F281BBCB95700DB898F /* Release */,
			);
			defaultConfigurationIsVisible = 0;
		};
		884D6F291BBCB95700DB898F /* Build configuration list for PBXNativeTarget "gratuity_calcTests" */ = {
			isa = XCConfigurationList;
			buildConfigurations = (
				884D6F2A1BBCB95700DB898F /* Debug */,
				884D6F2B1BBCB95700DB898F /* Release */,
			);
			defaultConfigurationIsVisible = 0;
		};
/* End XCConfigurationList section */
	};
	rootObject = 884D6EFF1BBCB95700DB898F /* Project object */;
}
