// !$*UTF8*$!
{
	archiveVersion = 1;
	classes = {
	};
	objectVersion = 46;
	objects = {

/* Begin PBXBuildFile section */
		07A541061BB453E400BBD208 /* AppDelegate.swift in Sources */ = {isa = PBXBuildFile; fileRef = 07A541051BB453E400BBD208 /* AppDelegate.swift */; };
		07A541081BB453E400BBD208 /* ViewController.swift in Sources */ = {isa = PBXBuildFile; fileRef = 07A541071BB453E400BBD208 /* ViewController.swift */; };
		07A5410B1BB453E400BBD208 /* Main.storyboard in Resources */ = {isa = PBXBuildFile; fileRef = 07A541091BB453E400BBD208 /* Main.storyboard */; };
		07A5410D1BB453E400BBD208 /* Images.xcassets in Resources */ = {isa = PBXBuildFile; fileRef = 07A5410C1BB453E400BBD208 /* Images.xcassets */; };
		07A541101BB453E400BBD208 /* LaunchScreen.xib in Resources */ = {isa = PBXBuildFile; fileRef = 07A5410E1BB453E400BBD208 /* LaunchScreen.xib */; };
		07A5411C1BB453E400BBD208 /* TipCalcTests.swift in Sources */ = {isa = PBXBuildFile; fileRef = 07A5411B1BB453E400BBD208 /* TipCalcTests.swift */; };
/* End PBXBuildFile section */

/* Begin PBXContainerItemProxy section */
		07A541161BB453E400BBD208 /* PBXContainerItemProxy */ = {
			isa = PBXContainerItemProxy;
			containerPortal = 07A540F81BB453E400BBD208 /* Project object */;
			proxyType = 1;
			remoteGlobalIDString = 07A540FF1BB453E400BBD208;
			remoteInfo = TipCalc;
		};
/* End PBXContainerItemProxy section */

/* Begin PBXFileReference section */
		07A541001BB453E400BBD208 /* TipCalc.app */ = {isa = PBXFileReference; explicitFileType = wrapper.application; includeInIndex = 0; path = TipCalc.app; sourceTree = BUILT_PRODUCTS_DIR; };
		07A541041BB453E400BBD208 /* Info.plist */ = {isa = PBXFileReference; lastKnownFileType = text.plist.xml; path = Info.plist; sourceTree = "<group>"; };
		07A541051BB453E400BBD208 /* AppDelegate.swift */ = {isa = PBXFileReference; lastKnownFileType = sourcecode.swift; path = AppDelegate.swift; sourceTree = "<group>"; };
		07A541071BB453E400BBD208 /* ViewController.swift */ = {isa = PBXFileReference; lastKnownFileType = sourcecode.swift; path = ViewController.swift; sourceTree = "<group>"; };
		07A5410A1BB453E400BBD208 /* Base */ = {isa = PBXFileReference; lastKnownFileType = file.storyboard; name = Base; path = Base.lproj/Main.storyboard; sourceTree = "<group>"; };
		07A5410C1BB453E400BBD208 /* Images.xcassets */ = {isa = PBXFileReference; lastKnownFileType = folder.assetcatalog; path = Images.xcassets; sourceTree = "<group>"; };
		07A5410F1BB453E400BBD208 /* Base */ = {isa = PBXFileReference; lastKnownFileType = file.xib; name = Base; path = Base.lproj/LaunchScreen.xib; sourceTree = "<group>"; };
		07A541151BB453E400BBD208 /* TipCalcTests.xctest */ = {isa = PBXFileReference; explicitFileType = wrapper.cfbundle; includeInIndex = 0; path = TipCalcTests.xctest; sourceTree = BUILT_PRODUCTS_DIR; };
		07A5411A1BB453E400BBD208 /* Info.plist */ = {isa = PBXFileReference; lastKnownFileType = text.plist.xml; path = Info.plist; sourceTree = "<group>"; };
		07A5411B1BB453E400BBD208 /* TipCalcTests.swift */ = {isa = PBXFileReference; lastKnownFileType = sourcecode.swift; path = TipCalcTests.swift; sourceTree = "<group>"; };
/* End PBXFileReference section */

/* Begin PBXFrameworksBuildPhase section */
		07A540FD1BB453E400BBD208 /* Frameworks */ = {
			isa = PBXFrameworksBuildPhase;
			buildActionMask = 2147483647;
			files = (
			);
			runOnlyForDeploymentPostprocessing = 0;
		};
		07A541121BB453E400BBD208 /* Frameworks */ = {
			isa = PBXFrameworksBuildPhase;
			buildActionMask = 2147483647;
			files = (
			);
			runOnlyForDeploymentPostprocessing = 0;
		};
/* End PBXFrameworksBuildPhase section */

/* Begin PBXGroup section */
		07A540F71BB453E400BBD208 = {
			isa = PBXGroup;
			children = (
				07A541021BB453E400BBD208 /* TipCalc */,
				07A541181BB453E400BBD208 /* TipCalcTests */,
				07A541011BB453E400BBD208 /* Products */,
			);
			sourceTree = "<group>";
		};
		07A541011BB453E400BBD208 /* Products */ = {
			isa = PBXGroup;
			children = (
				07A541001BB453E400BBD208 /* TipCalc.app */,
				07A541151BB453E400BBD208 /* TipCalcTests.xctest */,
			);
			name = Products;
			sourceTree = "<group>";
		};
		07A541021BB453E400BBD208 /* TipCalc */ = {
			isa = PBXGroup;
			children = (
				07A541051BB453E400BBD208 /* AppDelegate.swift */,
				07A541071BB453E400BBD208 /* ViewController.swift */,
				07A541091BB453E400BBD208 /* Main.storyboard */,
				07A5410C1BB453E400BBD208 /* Images.xcassets */,
				07A5410E1BB453E400BBD208 /* LaunchScreen.xib */,
				07A541031BB453E400BBD208 /* Supporting Files */,
			);
			path = TipCalc;
			sourceTree = "<group>";
		};
		07A541031BB453E400BBD208 /* Supporting Files */ = {
			isa = PBXGroup;
			children = (
				07A541041BB453E400BBD208 /* Info.plist */,
			);
			name = "Supporting Files";
			sourceTree = "<group>";
		};
		07A541181BB453E400BBD208 /* TipCalcTests */ = {
			isa = PBXGroup;
			children = (
				07A5411B1BB453E400BBD208 /* TipCalcTests.swift */,
				07A541191BB453E400BBD208 /* Supporting Files */,
			);
			path = TipCalcTests;
			sourceTree = "<group>";
		};
		07A541191BB453E400BBD208 /* Supporting Files */ = {
			isa = PBXGroup;
			children = (
				07A5411A1BB453E400BBD208 /* Info.plist */,
			);
			name = "Supporting Files";
			sourceTree = "<group>";
		};
/* End PBXGroup section */

/* Begin PBXNativeTarget section */
		07A540FF1BB453E400BBD208 /* TipCalc */ = {
			isa = PBXNativeTarget;
			buildConfigurationList = 07A5411F1BB453E400BBD208 /* Build configuration list for PBXNativeTarget "TipCalc" */;
			buildPhases = (
				07A540FC1BB453E400BBD208 /* Sources */,
				07A540FD1BB453E400BBD208 /* Frameworks */,
				07A540FE1BB453E400BBD208 /* Resources */,
			);
			buildRules = (
			);
			dependencies = (
			);
			name = TipCalc;
			productName = TipCalc;
			productReference = 07A541001BB453E400BBD208 /* TipCalc.app */;
			productType = "com.apple.product-type.application";
		};
		07A541141BB453E400BBD208 /* TipCalcTests */ = {
			isa = PBXNativeTarget;
			buildConfigurationList = 07A541221BB453E400BBD208 /* Build configuration list for PBXNativeTarget "TipCalcTests" */;
			buildPhases = (
				07A541111BB453E400BBD208 /* Sources */,
				07A541121BB453E400BBD208 /* Frameworks */,
				07A541131BB453E400BBD208 /* Resources */,
			);
			buildRules = (
			);
			dependencies = (
				07A541171BB453E400BBD208 /* PBXTargetDependency */,
			);
			name = TipCalcTests;
			productName = TipCalcTests;
			productReference = 07A541151BB453E400BBD208 /* TipCalcTests.xctest */;
			productType = "com.apple.product-type.bundle.unit-test";
		};
/* End PBXNativeTarget section */

/* Begin PBXProject section */
		07A540F81BB453E400BBD208 /* Project object */ = {
			isa = PBXProject;
			attributes = {
				LastUpgradeCheck = 0630;
				ORGANIZATIONNAME = "Connor McGuinness";
				TargetAttributes = {
					07A540FF1BB453E400BBD208 = {
						CreatedOnToolsVersion = 6.3.2;
					};
					07A541141BB453E400BBD208 = {
						CreatedOnToolsVersion = 6.3.2;
						TestTargetID = 07A540FF1BB453E400BBD208;
					};
				};
			};
			buildConfigurationList = 07A540FB1BB453E400BBD208 /* Build configuration list for PBXProject "TipCalc" */;
			compatibilityVersion = "Xcode 3.2";
			developmentRegion = English;
			hasScannedForEncodings = 0;
			knownRegions = (
				en,
				Base,
			);
			mainGroup = 07A540F71BB453E400BBD208;
			productRefGroup = 07A541011BB453E400BBD208 /* Products */;
			projectDirPath = "";
			projectRoot = "";
			targets = (
				07A540FF1BB453E400BBD208 /* TipCalc */,
				07A541141BB453E400BBD208 /* TipCalcTests */,
			);
		};
/* End PBXProject section */

/* Begin PBXResourcesBuildPhase section */
		07A540FE1BB453E400BBD208 /* Resources */ = {
			isa = PBXResourcesBuildPhase;
			buildActionMask = 2147483647;
			files = (
				07A5410B1BB453E400BBD208 /* Main.storyboard in Resources */,
				07A541101BB453E400BBD208 /* LaunchScreen.xib in Resources */,
				07A5410D1BB453E400BBD208 /* Images.xcassets in Resources */,
			);
			runOnlyForDeploymentPostprocessing = 0;
		};
		07A541131BB453E400BBD208 /* Resources */ = {
			isa = PBXResourcesBuildPhase;
			buildActionMask = 2147483647;
			files = (
			);
			runOnlyForDeploymentPostprocessing = 0;
		};
/* End PBXResourcesBuildPhase section */

/* Begin PBXSourcesBuildPhase section */
		07A540FC1BB453E400BBD208 /* Sources */ = {
			isa = PBXSourcesBuildPhase;
			buildActionMask = 2147483647;
			files = (
				07A541081BB453E400BBD208 /* ViewController.swift in Sources */,
				07A541061BB453E400BBD208 /* AppDelegate.swift in Sources */,
			);
			runOnlyForDeploymentPostprocessing = 0;
		};
		07A541111BB453E400BBD208 /* Sources */ = {
			isa = PBXSourcesBuildPhase;
			buildActionMask = 2147483647;
			files = (
				07A5411C1BB453E400BBD208 /* TipCalcTests.swift in Sources */,
			);
			runOnlyForDeploymentPostprocessing = 0;
		};
/* End PBXSourcesBuildPhase section */

/* Begin PBXTargetDependency section */
		07A541171BB453E400BBD208 /* PBXTargetDependency */ = {
			isa = PBXTargetDependency;
			target = 07A540FF1BB453E400BBD208 /* TipCalc */;
			targetProxy = 07A541161BB453E400BBD208 /* PBXContainerItemProxy */;
		};
/* End PBXTargetDependency section */

/* Begin PBXVariantGroup section */
		07A541091BB453E400BBD208 /* Main.storyboard */ = {
			isa = PBXVariantGroup;
			children = (
				07A5410A1BB453E400BBD208 /* Base */,
			);
			name = Main.storyboard;
			sourceTree = "<group>";
		};
		07A5410E1BB453E400BBD208 /* LaunchScreen.xib */ = {
			isa = PBXVariantGroup;
			children = (
				07A5410F1BB453E400BBD208 /* Base */,
			);
			name = LaunchScreen.xib;
			sourceTree = "<group>";
		};
/* End PBXVariantGroup section */

/* Begin XCBuildConfiguration section */
		07A5411D1BB453E400BBD208 /* Debug */ = {
			isa = XCBuildConfiguration;
			buildSettings = {
				ALWAYS_SEARCH_USER_PATHS = NO;
				CLANG_CXX_LANGUAGE_STANDARD = "gnu++0x";
				CLANG_CXX_LIBRARY = "libc++";
				CLANG_ENABLE_MODULES = YES;
				CLANG_ENABLE_OBJC_ARC = YES;
				CLANG_WARN_BOOL_CONVERSION = YES;
				CLANG_WARN_CONSTANT_CONVERSION = YES;
				CLANG_WARN_DIRECT_OBJC_ISA_USAGE = YES_ERROR;
				CLANG_WARN_EMPTY_BODY = YES;
				CLANG_WARN_ENUM_CONVERSION = YES;
				CLANG_WARN_INT_CONVERSION = YES;
				CLANG_WARN_OBJC_ROOT_CLASS = YES_ERROR;
				CLANG_WARN_UNREACHABLE_CODE = YES;
				CLANG_WARN__DUPLICATE_METHOD_MATCH = YES;
				"CODE_SIGN_IDENTITY[sdk=iphoneos*]" = "iPhone Developer";
				COPY_PHASE_STRIP = NO;
				DEBUG_INFORMATION_FORMAT = "dwarf-with-dsym";
				ENABLE_STRICT_OBJC_MSGSEND = YES;
				GCC_C_LANGUAGE_STANDARD = gnu99;
				GCC_DYNAMIC_NO_PIC = NO;
				GCC_NO_COMMON_BLOCKS = YES;
				GCC_OPTIMIZATION_LEVEL = 0;
				GCC_PREPROCESSOR_DEFINITIONS = (
					"DEBUG=1",
					"$(inherited)",
				);
				GCC_SYMBOLS_PRIVATE_EXTERN = NO;
				GCC_WARN_64_TO_32_BIT_CONVERSION = YES;
				GCC_WARN_ABOUT_RETURN_TYPE = YES_ERROR;
				GCC_WARN_UNDECLARED_SELECTOR = YES;
				GCC_WARN_UNINITIALIZED_AUTOS = YES_AGGRESSIVE;
				GCC_WARN_UNUSED_FUNCTION = YES;
				GCC_WARN_UNUSED_VARIABLE = YES;
				IPHONEOS_DEPLOYMENT_TARGET = 8.3;
				MTL_ENABLE_DEBUG_INFO = YES;
				ONLY_ACTIVE_ARCH = YES;
				SDKROOT = iphoneos;
				SWIFT_OPTIMIZATION_LEVEL = "-Onone";
			};
			name = Debug;
		};
		07A5411E1BB453E400BBD208 /* Release */ = {
			isa = XCBuildConfiguration;
			buildSettings = {
				ALWAYS_SEARCH_USER_PATHS = NO;
				CLANG_CXX_LANGUAGE_STANDARD = "gnu++0x";
				CLANG_CXX_LIBRARY = "libc++";
				CLANG_ENABLE_MODULES = YES;
				CLANG_ENABLE_OBJC_ARC = YES;
				CLANG_WARN_BOOL_CONVERSION = YES;
				CLANG_WARN_CONSTANT_CONVERSION = YES;
				CLANG_WARN_DIRECT_OBJC_ISA_USAGE = YES_ERROR;
				CLANG_WARN_EMPTY_BODY = YES;
				CLANG_WARN_ENUM_CONVERSION = YES;
				CLANG_WARN_INT_CONVERSION = YES;
				CLANG_WARN_OBJC_ROOT_CLASS = YES_ERROR;
				CLANG_WARN_UNREACHABLE_CODE = YES;
				CLANG_WARN__DUPLICATE_METHOD_MATCH = YES;
				"CODE_SIGN_IDENTITY[sdk=iphoneos*]" = "iPhone Developer";
				COPY_PHASE_STRIP = NO;
				DEBUG_INFORMATION_FORMAT = "dwarf-with-dsym";
				ENABLE_NS_ASSERTIONS = NO;
				ENABLE_STRICT_OBJC_MSGSEND = YES;
				GCC_C_LANGUAGE_STANDARD = gnu99;
				GCC_NO_COMMON_BLOCKS = YES;
				GCC_WARN_64_TO_32_BIT_CONVERSION = YES;
				GCC_WARN_ABOUT_RETURN_TYPE = YES_ERROR;
				GCC_WARN_UNDECLARED_SELECTOR = YES;
				GCC_WARN_UNINITIALIZED_AUTOS = YES_AGGRESSIVE;
				GCC_WARN_UNUSED_FUNCTION = YES;
				GCC_WARN_UNUSED_VARIABLE = YES;
				IPHONEOS_DEPLOYMENT_TARGET = 8.3;
				MTL_ENABLE_DEBUG_INFO = NO;
				SDKROOT = iphoneos;
				VALIDATE_PRODUCT = YES;
			};
			name = Release;
		};
		07A541201BB453E400BBD208 /* Debug */ = {
			isa = XCBuildConfiguration;
			buildSettings = {
				ASSETCATALOG_COMPILER_APPICON_NAME = AppIcon;
				INFOPLIST_FILE = TipCalc/Info.plist;
				LD_RUNPATH_SEARCH_PATHS = "$(inherited) @executable_path/Frameworks";
				PRODUCT_NAME = "$(TARGET_NAME)";
			};
			name = Debug;
		};
		07A541211BB453E400BBD208 /* Release */ = {
			isa = XCBuildConfiguration;
			buildSettings = {
				ASSETCATALOG_COMPILER_APPICON_NAME = AppIcon;
				INFOPLIST_FILE = TipCalc/Info.plist;
				LD_RUNPATH_SEARCH_PATHS = "$(inherited) @executable_path/Frameworks";
				PRODUCT_NAME = "$(TARGET_NAME)";
			};
			name = Release;
		};
		07A541231BB453E400BBD208 /* Debug */ = {
			isa = XCBuildConfiguration;
			buildSettings = {
				BUNDLE_LOADER = "$(TEST_HOST)";
				FRAMEWORK_SEARCH_PATHS = (
					"$(SDKROOT)/Developer/Library/Frameworks",
					"$(inherited)",
				);
				GCC_PREPROCESSOR_DEFINITIONS = (
					"DEBUG=1",
					"$(inherited)",
				);
				INFOPLIST_FILE = TipCalcTests/Info.plist;
				LD_RUNPATH_SEARCH_PATHS = "$(inherited) @executable_path/Frameworks @loader_path/Frameworks";
				PRODUCT_NAME = "$(TARGET_NAME)";
				TEST_HOST = "$(BUILT_PRODUCTS_DIR)/TipCalc.app/TipCalc";
			};
			name = Debug;
		};
		07A541241BB453E400BBD208 /* Release */ = {
			isa = XCBuildConfiguration;
			buildSettings = {
				BUNDLE_LOADER = "$(TEST_HOST)";
				FRAMEWORK_SEARCH_PATHS = (
					"$(SDKROOT)/Developer/Library/Frameworks",
					"$(inherited)",
				);
				INFOPLIST_FILE = TipCalcTests/Info.plist;
				LD_RUNPATH_SEARCH_PATHS = "$(inherited) @executable_path/Frameworks @loader_path/Frameworks";
				PRODUCT_NAME = "$(TARGET_NAME)";
				TEST_HOST = "$(BUILT_PRODUCTS_DIR)/TipCalc.app/TipCalc";
			};
			name = Release;
		};
/* End XCBuildConfiguration section */

/* Begin XCConfigurationList section */
		07A540FB1BB453E400BBD208 /* Build configuration list for PBXProject "TipCalc" */ = {
			isa = XCConfigurationList;
			buildConfigurations = (
				07A5411D1BB453E400BBD208 /* Debug */,
				07A5411E1BB453E400BBD208 /* Release */,
			);
			defaultConfigurationIsVisible = 0;
			defaultConfigurationName = Release;
		};
		07A5411F1BB453E400BBD208 /* Build configuration list for PBXNativeTarget "TipCalc" */ = {
			isa = XCConfigurationList;
			buildConfigurations = (
				07A541201BB453E400BBD208 /* Debug */,
				07A541211BB453E400BBD208 /* Release */,
			);
			defaultConfigurationIsVisible = 0;
		};
		07A541221BB453E400BBD208 /* Build configuration list for PBXNativeTarget "TipCalcTests" */ = {
			isa = XCConfigurationList;
			buildConfigurations = (
				07A541231BB453E400BBD208 /* Debug */,
				07A541241BB453E400BBD208 /* Release */,
			);
			defaultConfigurationIsVisible = 0;
		};
/* End XCConfigurationList section */
	};
	rootObject = 07A540F81BB453E400BBD208 /* Project object */;
}
