// !$*UTF8*$!
{
	archiveVersion = 1;
	classes = {
	};
	objectVersion = 46;
	objects = {

/* Begin PBXBuildFile section */
		076742BC1BA1D98600A89C65 /* AppDelegate.swift in Sources */ = {isa = PBXBuildFile; fileRef = 076742BB1BA1D98600A89C65 /* AppDelegate.swift */; };
		076742BE1BA1D98600A89C65 /* ViewController.swift in Sources */ = {isa = PBXBuildFile; fileRef = 076742BD1BA1D98600A89C65 /* ViewController.swift */; };
		076742C11BA1D98600A89C65 /* Main.storyboard in Resources */ = {isa = PBXBuildFile; fileRef = 076742BF1BA1D98600A89C65 /* Main.storyboard */; };
		076742C31BA1D98600A89C65 /* Images.xcassets in Resources */ = {isa = PBXBuildFile; fileRef = 076742C21BA1D98600A89C65 /* Images.xcassets */; };
		076742C61BA1D98600A89C65 /* LaunchScreen.xib in Resources */ = {isa = PBXBuildFile; fileRef = 076742C41BA1D98600A89C65 /* LaunchScreen.xib */; };
		076742D21BA1D98600A89C65 /* switchGameTests.swift in Sources */ = {isa = PBXBuildFile; fileRef = 076742D11BA1D98600A89C65 /* switchGameTests.swift */; };
/* End PBXBuildFile section */

/* Begin PBXContainerItemProxy section */
		076742CC1BA1D98600A89C65 /* PBXContainerItemProxy */ = {
			isa = PBXContainerItemProxy;
			containerPortal = 076742AE1BA1D98600A89C65 /* Project object */;
			proxyType = 1;
			remoteGlobalIDString = 076742B51BA1D98600A89C65;
			remoteInfo = switchGame;
		};
/* End PBXContainerItemProxy section */

/* Begin PBXFileReference section */
		076742B61BA1D98600A89C65 /* switchGame.app */ = {isa = PBXFileReference; explicitFileType = wrapper.application; includeInIndex = 0; path = switchGame.app; sourceTree = BUILT_PRODUCTS_DIR; };
		076742BA1BA1D98600A89C65 /* Info.plist */ = {isa = PBXFileReference; lastKnownFileType = text.plist.xml; path = Info.plist; sourceTree = "<group>"; };
		076742BB1BA1D98600A89C65 /* AppDelegate.swift */ = {isa = PBXFileReference; lastKnownFileType = sourcecode.swift; path = AppDelegate.swift; sourceTree = "<group>"; };
		076742BD1BA1D98600A89C65 /* ViewController.swift */ = {isa = PBXFileReference; lastKnownFileType = sourcecode.swift; path = ViewController.swift; sourceTree = "<group>"; };
		076742C01BA1D98600A89C65 /* Base */ = {isa = PBXFileReference; lastKnownFileType = file.storyboard; name = Base; path = Base.lproj/Main.storyboard; sourceTree = "<group>"; };
		076742C21BA1D98600A89C65 /* Images.xcassets */ = {isa = PBXFileReference; lastKnownFileType = folder.assetcatalog; path = Images.xcassets; sourceTree = "<group>"; };
		076742C51BA1D98600A89C65 /* Base */ = {isa = PBXFileReference; lastKnownFileType = file.xib; name = Base; path = Base.lproj/LaunchScreen.xib; sourceTree = "<group>"; };
		076742CB1BA1D98600A89C65 /* switchGameTests.xctest */ = {isa = PBXFileReference; explicitFileType = wrapper.cfbundle; includeInIndex = 0; path = switchGameTests.xctest; sourceTree = BUILT_PRODUCTS_DIR; };
		076742D01BA1D98600A89C65 /* Info.plist */ = {isa = PBXFileReference; lastKnownFileType = text.plist.xml; path = Info.plist; sourceTree = "<group>"; };
		076742D11BA1D98600A89C65 /* switchGameTests.swift */ = {isa = PBXFileReference; lastKnownFileType = sourcecode.swift; path = switchGameTests.swift; sourceTree = "<group>"; };
/* End PBXFileReference section */

/* Begin PBXFrameworksBuildPhase section */
		076742B31BA1D98600A89C65 /* Frameworks */ = {
			isa = PBXFrameworksBuildPhase;
			buildActionMask = 2147483647;
			files = (
			);
			runOnlyForDeploymentPostprocessing = 0;
		};
		076742C81BA1D98600A89C65 /* Frameworks */ = {
			isa = PBXFrameworksBuildPhase;
			buildActionMask = 2147483647;
			files = (
			);
			runOnlyForDeploymentPostprocessing = 0;
		};
/* End PBXFrameworksBuildPhase section */

/* Begin PBXGroup section */
		076742AD1BA1D98600A89C65 = {
			isa = PBXGroup;
			children = (
				076742B81BA1D98600A89C65 /* switchGame */,
				076742CE1BA1D98600A89C65 /* switchGameTests */,
				076742B71BA1D98600A89C65 /* Products */,
			);
			sourceTree = "<group>";
		};
		076742B71BA1D98600A89C65 /* Products */ = {
			isa = PBXGroup;
			children = (
				076742B61BA1D98600A89C65 /* switchGame.app */,
				076742CB1BA1D98600A89C65 /* switchGameTests.xctest */,
			);
			name = Products;
			sourceTree = "<group>";
		};
		076742B81BA1D98600A89C65 /* switchGame */ = {
			isa = PBXGroup;
			children = (
				076742BB1BA1D98600A89C65 /* AppDelegate.swift */,
				076742BD1BA1D98600A89C65 /* ViewController.swift */,
				076742BF1BA1D98600A89C65 /* Main.storyboard */,
				076742C21BA1D98600A89C65 /* Images.xcassets */,
				076742C41BA1D98600A89C65 /* LaunchScreen.xib */,
				076742B91BA1D98600A89C65 /* Supporting Files */,
			);
			path = switchGame;
			sourceTree = "<group>";
		};
		076742B91BA1D98600A89C65 /* Supporting Files */ = {
			isa = PBXGroup;
			children = (
				076742BA1BA1D98600A89C65 /* Info.plist */,
			);
			name = "Supporting Files";
			sourceTree = "<group>";
		};
		076742CE1BA1D98600A89C65 /* switchGameTests */ = {
			isa = PBXGroup;
			children = (
				076742D11BA1D98600A89C65 /* switchGameTests.swift */,
				076742CF1BA1D98600A89C65 /* Supporting Files */,
			);
			path = switchGameTests;
			sourceTree = "<group>";
		};
		076742CF1BA1D98600A89C65 /* Supporting Files */ = {
			isa = PBXGroup;
			children = (
				076742D01BA1D98600A89C65 /* Info.plist */,
			);
			name = "Supporting Files";
			sourceTree = "<group>";
		};
/* End PBXGroup section */

/* Begin PBXNativeTarget section */
		076742B51BA1D98600A89C65 /* switchGame */ = {
			isa = PBXNativeTarget;
			buildConfigurationList = 076742D51BA1D98600A89C65 /* Build configuration list for PBXNativeTarget "switchGame" */;
			buildPhases = (
				076742B21BA1D98600A89C65 /* Sources */,
				076742B31BA1D98600A89C65 /* Frameworks */,
				076742B41BA1D98600A89C65 /* Resources */,
			);
			buildRules = (
			);
			dependencies = (
			);
			name = switchGame;
			productName = switchGame;
			productReference = 076742B61BA1D98600A89C65 /* switchGame.app */;
			productType = "com.apple.product-type.application";
		};
		076742CA1BA1D98600A89C65 /* switchGameTests */ = {
			isa = PBXNativeTarget;
			buildConfigurationList = 076742D81BA1D98600A89C65 /* Build configuration list for PBXNativeTarget "switchGameTests" */;
			buildPhases = (
				076742C71BA1D98600A89C65 /* Sources */,
				076742C81BA1D98600A89C65 /* Frameworks */,
				076742C91BA1D98600A89C65 /* Resources */,
			);
			buildRules = (
			);
			dependencies = (
				076742CD1BA1D98600A89C65 /* PBXTargetDependency */,
			);
			name = switchGameTests;
			productName = switchGameTests;
			productReference = 076742CB1BA1D98600A89C65 /* switchGameTests.xctest */;
			productType = "com.apple.product-type.bundle.unit-test";
		};
/* End PBXNativeTarget section */

/* Begin PBXProject section */
		076742AE1BA1D98600A89C65 /* Project object */ = {
			isa = PBXProject;
			attributes = {
				LastSwiftUpdateCheck = 0700;
				LastUpgradeCheck = 0630;
				ORGANIZATIONNAME = "Connor Flynn Mcguinness";
				TargetAttributes = {
					076742B51BA1D98600A89C65 = {
						CreatedOnToolsVersion = 6.3.2;
						DevelopmentTeam = 32C86W6J58;
					};
					076742CA1BA1D98600A89C65 = {
						CreatedOnToolsVersion = 6.3.2;
						TestTargetID = 076742B51BA1D98600A89C65;
					};
				};
			};
			buildConfigurationList = 076742B11BA1D98600A89C65 /* Build configuration list for PBXProject "switchGame" */;
			compatibilityVersion = "Xcode 3.2";
			developmentRegion = English;
			hasScannedForEncodings = 0;
			knownRegions = (
				en,
				Base,
			);
			mainGroup = 076742AD1BA1D98600A89C65;
			productRefGroup = 076742B71BA1D98600A89C65 /* Products */;
			projectDirPath = "";
			projectRoot = "";
			targets = (
				076742B51BA1D98600A89C65 /* switchGame */,
				076742CA1BA1D98600A89C65 /* switchGameTests */,
			);
		};
/* End PBXProject section */

/* Begin PBXResourcesBuildPhase section */
		076742B41BA1D98600A89C65 /* Resources */ = {
			isa = PBXResourcesBuildPhase;
			buildActionMask = 2147483647;
			files = (
				076742C11BA1D98600A89C65 /* Main.storyboard in Resources */,
				076742C61BA1D98600A89C65 /* LaunchScreen.xib in Resources */,
				076742C31BA1D98600A89C65 /* Images.xcassets in Resources */,
			);
			runOnlyForDeploymentPostprocessing = 0;
		};
		076742C91BA1D98600A89C65 /* Resources */ = {
			isa = PBXResourcesBuildPhase;
			buildActionMask = 2147483647;
			files = (
			);
			runOnlyForDeploymentPostprocessing = 0;
		};
/* End PBXResourcesBuildPhase section */

/* Begin PBXSourcesBuildPhase section */
		076742B21BA1D98600A89C65 /* Sources */ = {
			isa = PBXSourcesBuildPhase;
			buildActionMask = 2147483647;
			files = (
				076742BE1BA1D98600A89C65 /* ViewController.swift in Sources */,
				076742BC1BA1D98600A89C65 /* AppDelegate.swift in Sources */,
			);
			runOnlyForDeploymentPostprocessing = 0;
		};
		076742C71BA1D98600A89C65 /* Sources */ = {
			isa = PBXSourcesBuildPhase;
			buildActionMask = 2147483647;
			files = (
				076742D21BA1D98600A89C65 /* switchGameTests.swift in Sources */,
			);
			runOnlyForDeploymentPostprocessing = 0;
		};
/* End PBXSourcesBuildPhase section */

/* Begin PBXTargetDependency section */
		076742CD1BA1D98600A89C65 /* PBXTargetDependency */ = {
			isa = PBXTargetDependency;
			target = 076742B51BA1D98600A89C65 /* switchGame */;
			targetProxy = 076742CC1BA1D98600A89C65 /* PBXContainerItemProxy */;
		};
/* End PBXTargetDependency section */

/* Begin PBXVariantGroup section */
		076742BF1BA1D98600A89C65 /* Main.storyboard */ = {
			isa = PBXVariantGroup;
			children = (
				076742C01BA1D98600A89C65 /* Base */,
			);
			name = Main.storyboard;
			sourceTree = "<group>";
		};
		076742C41BA1D98600A89C65 /* LaunchScreen.xib */ = {
			isa = PBXVariantGroup;
			children = (
				076742C51BA1D98600A89C65 /* Base */,
			);
			name = LaunchScreen.xib;
			sourceTree = "<group>";
		};
/* End PBXVariantGroup section */

/* Begin XCBuildConfiguration section */
		076742D31BA1D98600A89C65 /* Debug */ = {
			isa = XCBuildConfiguration;
			buildSettings = {
				ALWAYS_SEARCH_USER_PATHS = NO;
				CLANG_CXX_LANGUAGE_STANDARD = "gnu++0x";
				CLANG_CXX_LIBRARY = "libc++";
				CLANG_ENABLE_MODULES = YES;
				CLANG_ENABLE_OBJC_ARC = YES;
				CLANG_WARN_BOOL_CONVERSION = YES;
				CLANG_WARN_CONSTANT_CONVERSION = YES;
				CLANG_WARN_DIRECT_OBJC_ISA_USAGE = YES_ERROR;
				CLANG_WARN_EMPTY_BODY = YES;
				CLANG_WARN_ENUM_CONVERSION = YES;
				CLANG_WARN_INT_CONVERSION = YES;
				CLANG_WARN_OBJC_ROOT_CLASS = YES_ERROR;
				CLANG_WARN_UNREACHABLE_CODE = YES;
				CLANG_WARN__DUPLICATE_METHOD_MATCH = YES;
				"CODE_SIGN_IDENTITY[sdk=iphoneos*]" = "iPhone Developer";
				COPY_PHASE_STRIP = NO;
				DEBUG_INFORMATION_FORMAT = "dwarf-with-dsym";
				ENABLE_STRICT_OBJC_MSGSEND = YES;
				GCC_C_LANGUAGE_STANDARD = gnu99;
				GCC_DYNAMIC_NO_PIC = NO;
				GCC_NO_COMMON_BLOCKS = YES;
				GCC_OPTIMIZATION_LEVEL = 0;
				GCC_PREPROCESSOR_DEFINITIONS = (
					"DEBUG=1",
					"$(inherited)",
				);
				GCC_SYMBOLS_PRIVATE_EXTERN = NO;
				GCC_WARN_64_TO_32_BIT_CONVERSION = YES;
				GCC_WARN_ABOUT_RETURN_TYPE = YES_ERROR;
				GCC_WARN_UNDECLARED_SELECTOR = YES;
				GCC_WARN_UNINITIALIZED_AUTOS = YES_AGGRESSIVE;
				GCC_WARN_UNUSED_FUNCTION = YES;
				GCC_WARN_UNUSED_VARIABLE = YES;
				IPHONEOS_DEPLOYMENT_TARGET = 8.3;
				MTL_ENABLE_DEBUG_INFO = YES;
				ONLY_ACTIVE_ARCH = YES;
				SDKROOT = iphoneos;
				SWIFT_OPTIMIZATION_LEVEL = "-Onone";
			};
			name = Debug;
		};
		076742D41BA1D98600A89C65 /* Release */ = {
			isa = XCBuildConfiguration;
			buildSettings = {
				ALWAYS_SEARCH_USER_PATHS = NO;
				CLANG_CXX_LANGUAGE_STANDARD = "gnu++0x";
				CLANG_CXX_LIBRARY = "libc++";
				CLANG_ENABLE_MODULES = YES;
				CLANG_ENABLE_OBJC_ARC = YES;
				CLANG_WARN_BOOL_CONVERSION = YES;
				CLANG_WARN_CONSTANT_CONVERSION = YES;
				CLANG_WARN_DIRECT_OBJC_ISA_USAGE = YES_ERROR;
				CLANG_WARN_EMPTY_BODY = YES;
				CLANG_WARN_ENUM_CONVERSION = YES;
				CLANG_WARN_INT_CONVERSION = YES;
				CLANG_WARN_OBJC_ROOT_CLASS = YES_ERROR;
				CLANG_WARN_UNREACHABLE_CODE = YES;
				CLANG_WARN__DUPLICATE_METHOD_MATCH = YES;
				"CODE_SIGN_IDENTITY[sdk=iphoneos*]" = "iPhone Developer";
				COPY_PHASE_STRIP = NO;
				DEBUG_INFORMATION_FORMAT = "dwarf-with-dsym";
				ENABLE_NS_ASSERTIONS = NO;
				ENABLE_STRICT_OBJC_MSGSEND = YES;
				GCC_C_LANGUAGE_STANDARD = gnu99;
				GCC_NO_COMMON_BLOCKS = YES;
				GCC_WARN_64_TO_32_BIT_CONVERSION = YES;
				GCC_WARN_ABOUT_RETURN_TYPE = YES_ERROR;
				GCC_WARN_UNDECLARED_SELECTOR = YES;
				GCC_WARN_UNINITIALIZED_AUTOS = YES_AGGRESSIVE;
				GCC_WARN_UNUSED_FUNCTION = YES;
				GCC_WARN_UNUSED_VARIABLE = YES;
				IPHONEOS_DEPLOYMENT_TARGET = 8.3;
				MTL_ENABLE_DEBUG_INFO = NO;
				SDKROOT = iphoneos;
				VALIDATE_PRODUCT = YES;
			};
			name = Release;
		};
		076742D61BA1D98600A89C65 /* Debug */ = {
			isa = XCBuildConfiguration;
			buildSettings = {
				ASSETCATALOG_COMPILER_APPICON_NAME = AppIcon;
				CODE_SIGN_IDENTITY = "iPhone Developer";
				INFOPLIST_FILE = switchGame/Info.plist;
				LD_RUNPATH_SEARCH_PATHS = "$(inherited) @executable_path/Frameworks";
				PRODUCT_NAME = "$(TARGET_NAME)";
			};
			name = Debug;
		};
		076742D71BA1D98600A89C65 /* Release */ = {
			isa = XCBuildConfiguration;
			buildSettings = {
				ASSETCATALOG_COMPILER_APPICON_NAME = AppIcon;
				CODE_SIGN_IDENTITY = "iPhone Developer";
				INFOPLIST_FILE = switchGame/Info.plist;
				LD_RUNPATH_SEARCH_PATHS = "$(inherited) @executable_path/Frameworks";
				PRODUCT_NAME = "$(TARGET_NAME)";
			};
			name = Release;
		};
		076742D91BA1D98600A89C65 /* Debug */ = {
			isa = XCBuildConfiguration;
			buildSettings = {
				BUNDLE_LOADER = "$(TEST_HOST)";
				FRAMEWORK_SEARCH_PATHS = (
					"$(SDKROOT)/Developer/Library/Frameworks",
					"$(inherited)",
				);
				GCC_PREPROCESSOR_DEFINITIONS = (
					"DEBUG=1",
					"$(inherited)",
				);
				INFOPLIST_FILE = switchGameTests/Info.plist;
				LD_RUNPATH_SEARCH_PATHS = "$(inherited) @executable_path/Frameworks @loader_path/Frameworks";
				PRODUCT_NAME = "$(TARGET_NAME)";
				TEST_HOST = "$(BUILT_PRODUCTS_DIR)/switchGame.app/switchGame";
			};
			name = Debug;
		};
		076742DA1BA1D98600A89C65 /* Release */ = {
			isa = XCBuildConfiguration;
			buildSettings = {
				BUNDLE_LOADER = "$(TEST_HOST)";
				FRAMEWORK_SEARCH_PATHS = (
					"$(SDKROOT)/Developer/Library/Frameworks",
					"$(inherited)",
				);
				INFOPLIST_FILE = switchGameTests/Info.plist;
				LD_RUNPATH_SEARCH_PATHS = "$(inherited) @executable_path/Frameworks @loader_path/Frameworks";
				PRODUCT_NAME = "$(TARGET_NAME)";
				TEST_HOST = "$(BUILT_PRODUCTS_DIR)/switchGame.app/switchGame";
			};
			name = Release;
		};
/* End XCBuildConfiguration section */

/* Begin XCConfigurationList section */
		076742B11BA1D98600A89C65 /* Build configuration list for PBXProject "switchGame" */ = {
			isa = XCConfigurationList;
			buildConfigurations = (
				076742D31BA1D98600A89C65 /* Debug */,
				076742D41BA1D98600A89C65 /* Release */,
			);
			defaultConfigurationIsVisible = 0;
			defaultConfigurationName = Release;
		};
		076742D51BA1D98600A89C65 /* Build configuration list for PBXNativeTarget "switchGame" */ = {
			isa = XCConfigurationList;
			buildConfigurations = (
				076742D61BA1D98600A89C65 /* Debug */,
				076742D71BA1D98600A89C65 /* Release */,
			);
			defaultConfigurationIsVisible = 0;
			defaultConfigurationName = Release;
		};
		076742D81BA1D98600A89C65 /* Build configuration list for PBXNativeTarget "switchGameTests" */ = {
			isa = XCConfigurationList;
			buildConfigurations = (
				076742D91BA1D98600A89C65 /* Debug */,
				076742DA1BA1D98600A89C65 /* Release */,
			);
			defaultConfigurationIsVisible = 0;
			defaultConfigurationName = Release;
		};
/* End XCConfigurationList section */
	};
	rootObject = 076742AE1BA1D98600A89C65 /* Project object */;
}
