// !$*UTF8*$!
{
	archiveVersion = 1;
	classes = {
	};
	objectVersion = 46;
	objects = {

/* Begin PBXBuildFile section */
		FC8FF6371BDF152C0095DAFA /* AppDelegate.swift in Sources */ = {isa = PBXBuildFile; fileRef = FC8FF6361BDF152C0095DAFA /* AppDelegate.swift */; };
		FC8FF6391BDF152C0095DAFA /* ViewController.swift in Sources */ = {isa = PBXBuildFile; fileRef = FC8FF6381BDF152C0095DAFA /* ViewController.swift */; };
		FC8FF63C1BDF152C0095DAFA /* Main.storyboard in Resources */ = {isa = PBXBuildFile; fileRef = FC8FF63A1BDF152C0095DAFA /* Main.storyboard */; };
		FC8FF63E1BDF152C0095DAFA /* Images.xcassets in Resources */ = {isa = PBXBuildFile; fileRef = FC8FF63D1BDF152C0095DAFA /* Images.xcassets */; };
		FC8FF6411BDF152C0095DAFA /* LaunchScreen.xib in Resources */ = {isa = PBXBuildFile; fileRef = FC8FF63F1BDF152C0095DAFA /* LaunchScreen.xib */; };
		FC8FF64D1BDF152C0095DAFA /* Project_2Tests.swift in Sources */ = {isa = PBXBuildFile; fileRef = FC8FF64C1BDF152C0095DAFA /* Project_2Tests.swift */; };
		FC8FF6571BDF15A80095DAFA /* AVFoundation.framework in Frameworks */ = {isa = PBXBuildFile; fileRef = FC8FF6561BDF15A80095DAFA /* AVFoundation.framework */; };
		FC8FF6591BDF28970095DAFA /* a.wav in Resources */ = {isa = PBXBuildFile; fileRef = FC8FF6581BDF28970095DAFA /* a.wav */; };
/* End PBXBuildFile section */

/* Begin PBXContainerItemProxy section */
		FC8FF6471BDF152C0095DAFA /* PBXContainerItemProxy */ = {
			isa = PBXContainerItemProxy;
			containerPortal = FC8FF6291BDF152C0095DAFA /* Project object */;
			proxyType = 1;
			remoteGlobalIDString = FC8FF6301BDF152C0095DAFA;
			remoteInfo = Project_2;
		};
/* End PBXContainerItemProxy section */

/* Begin PBXFileReference section */
		FC8FF6311BDF152C0095DAFA /* Project_2.app */ = {isa = PBXFileReference; explicitFileType = wrapper.application; includeInIndex = 0; path = Project_2.app; sourceTree = BUILT_PRODUCTS_DIR; };
		FC8FF6351BDF152C0095DAFA /* Info.plist */ = {isa = PBXFileReference; lastKnownFileType = text.plist.xml; path = Info.plist; sourceTree = "<group>"; };
		FC8FF6361BDF152C0095DAFA /* AppDelegate.swift */ = {isa = PBXFileReference; lastKnownFileType = sourcecode.swift; path = AppDelegate.swift; sourceTree = "<group>"; };
		FC8FF6381BDF152C0095DAFA /* ViewController.swift */ = {isa = PBXFileReference; lastKnownFileType = sourcecode.swift; path = ViewController.swift; sourceTree = "<group>"; };
		FC8FF63B1BDF152C0095DAFA /* Base */ = {isa = PBXFileReference; lastKnownFileType = file.storyboard; name = Base; path = Base.lproj/Main.storyboard; sourceTree = "<group>"; };
		FC8FF63D1BDF152C0095DAFA /* Images.xcassets */ = {isa = PBXFileReference; lastKnownFileType = folder.assetcatalog; path = Images.xcassets; sourceTree = "<group>"; };
		FC8FF6401BDF152C0095DAFA /* Base */ = {isa = PBXFileReference; lastKnownFileType = file.xib; name = Base; path = Base.lproj/LaunchScreen.xib; sourceTree = "<group>"; };
		FC8FF6461BDF152C0095DAFA /* Project_2Tests.xctest */ = {isa = PBXFileReference; explicitFileType = wrapper.cfbundle; includeInIndex = 0; path = Project_2Tests.xctest; sourceTree = BUILT_PRODUCTS_DIR; };
		FC8FF64B1BDF152C0095DAFA /* Info.plist */ = {isa = PBXFileReference; lastKnownFileType = text.plist.xml; path = Info.plist; sourceTree = "<group>"; };
		FC8FF64C1BDF152C0095DAFA /* Project_2Tests.swift */ = {isa = PBXFileReference; lastKnownFileType = sourcecode.swift; path = Project_2Tests.swift; sourceTree = "<group>"; };
		FC8FF6561BDF15A80095DAFA /* AVFoundation.framework */ = {isa = PBXFileReference; lastKnownFileType = wrapper.framework; name = AVFoundation.framework; path = System/Library/Frameworks/AVFoundation.framework; sourceTree = SDKROOT; };
		FC8FF6581BDF28970095DAFA /* a.wav */ = {isa = PBXFileReference; lastKnownFileType = audio.wav; path = a.wav; sourceTree = "<group>"; };
/* End PBXFileReference section */

/* Begin PBXFrameworksBuildPhase section */
		FC8FF62E1BDF152C0095DAFA /* Frameworks */ = {
			isa = PBXFrameworksBuildPhase;
			buildActionMask = 2147483647;
			files = (
				FC8FF6571BDF15A80095DAFA /* AVFoundation.framework in Frameworks */,
			);
			runOnlyForDeploymentPostprocessing = 0;
		};
		FC8FF6431BDF152C0095DAFA /* Frameworks */ = {
			isa = PBXFrameworksBuildPhase;
			buildActionMask = 2147483647;
			files = (
			);
			runOnlyForDeploymentPostprocessing = 0;
		};
/* End PBXFrameworksBuildPhase section */

/* Begin PBXGroup section */
		FC8FF6281BDF152C0095DAFA = {
			isa = PBXGroup;
			children = (
				FC8FF6561BDF15A80095DAFA /* AVFoundation.framework */,
				FC8FF6331BDF152C0095DAFA /* Project_2 */,
				FC8FF6491BDF152C0095DAFA /* Project_2Tests */,
				FC8FF6321BDF152C0095DAFA /* Products */,
			);
			sourceTree = "<group>";
		};
		FC8FF6321BDF152C0095DAFA /* Products */ = {
			isa = PBXGroup;
			children = (
				FC8FF6311BDF152C0095DAFA /* Project_2.app */,
				FC8FF6461BDF152C0095DAFA /* Project_2Tests.xctest */,
			);
			name = Products;
			sourceTree = "<group>";
		};
		FC8FF6331BDF152C0095DAFA /* Project_2 */ = {
			isa = PBXGroup;
			children = (
				FC8FF6361BDF152C0095DAFA /* AppDelegate.swift */,
				FC8FF6381BDF152C0095DAFA /* ViewController.swift */,
				FC8FF63A1BDF152C0095DAFA /* Main.storyboard */,
				FC8FF63D1BDF152C0095DAFA /* Images.xcassets */,
				FC8FF63F1BDF152C0095DAFA /* LaunchScreen.xib */,
				FC8FF6341BDF152C0095DAFA /* Supporting Files */,
			);
			path = Project_2;
			sourceTree = "<group>";
		};
		FC8FF6341BDF152C0095DAFA /* Supporting Files */ = {
			isa = PBXGroup;
			children = (
				FC8FF6581BDF28970095DAFA /* a.wav */,
				FC8FF6351BDF152C0095DAFA /* Info.plist */,
			);
			name = "Supporting Files";
			sourceTree = "<group>";
		};
		FC8FF6491BDF152C0095DAFA /* Project_2Tests */ = {
			isa = PBXGroup;
			children = (
				FC8FF64C1BDF152C0095DAFA /* Project_2Tests.swift */,
				FC8FF64A1BDF152C0095DAFA /* Supporting Files */,
			);
			path = Project_2Tests;
			sourceTree = "<group>";
		};
		FC8FF64A1BDF152C0095DAFA /* Supporting Files */ = {
			isa = PBXGroup;
			children = (
				FC8FF64B1BDF152C0095DAFA /* Info.plist */,
			);
			name = "Supporting Files";
			sourceTree = "<group>";
		};
/* End PBXGroup section */

/* Begin PBXNativeTarget section */
		FC8FF6301BDF152C0095DAFA /* Project_2 */ = {
			isa = PBXNativeTarget;
			buildConfigurationList = FC8FF6501BDF152C0095DAFA /* Build configuration list for PBXNativeTarget "Project_2" */;
			buildPhases = (
				FC8FF62D1BDF152C0095DAFA /* Sources */,
				FC8FF62E1BDF152C0095DAFA /* Frameworks */,
				FC8FF62F1BDF152C0095DAFA /* Resources */,
			);
			buildRules = (
			);
			dependencies = (
			);
			name = Project_2;
			productName = Project_2;
			productReference = FC8FF6311BDF152C0095DAFA /* Project_2.app */;
			productType = "com.apple.product-type.application";
		};
		FC8FF6451BDF152C0095DAFA /* Project_2Tests */ = {
			isa = PBXNativeTarget;
			buildConfigurationList = FC8FF6531BDF152C0095DAFA /* Build configuration list for PBXNativeTarget "Project_2Tests" */;
			buildPhases = (
				FC8FF6421BDF152C0095DAFA /* Sources */,
				FC8FF6431BDF152C0095DAFA /* Frameworks */,
				FC8FF6441BDF152C0095DAFA /* Resources */,
			);
			buildRules = (
			);
			dependencies = (
				FC8FF6481BDF152C0095DAFA /* PBXTargetDependency */,
			);
			name = Project_2Tests;
			productName = Project_2Tests;
			productReference = FC8FF6461BDF152C0095DAFA /* Project_2Tests.xctest */;
			productType = "com.apple.product-type.bundle.unit-test";
		};
/* End PBXNativeTarget section */

/* Begin PBXProject section */
		FC8FF6291BDF152C0095DAFA /* Project object */ = {
			isa = PBXProject;
			attributes = {
				LastUpgradeCheck = 0640;
				ORGANIZATIONNAME = "Connor McGuinness";
				TargetAttributes = {
					FC8FF6301BDF152C0095DAFA = {
						CreatedOnToolsVersion = 6.4;
					};
					FC8FF6451BDF152C0095DAFA = {
						CreatedOnToolsVersion = 6.4;
						TestTargetID = FC8FF6301BDF152C0095DAFA;
					};
				};
			};
			buildConfigurationList = FC8FF62C1BDF152C0095DAFA /* Build configuration list for PBXProject "Project_2" */;
			compatibilityVersion = "Xcode 3.2";
			developmentRegion = English;
			hasScannedForEncodings = 0;
			knownRegions = (
				en,
				Base,
			);
			mainGroup = FC8FF6281BDF152C0095DAFA;
			productRefGroup = FC8FF6321BDF152C0095DAFA /* Products */;
			projectDirPath = "";
			projectRoot = "";
			targets = (
				FC8FF6301BDF152C0095DAFA /* Project_2 */,
				FC8FF6451BDF152C0095DAFA /* Project_2Tests */,
			);
		};
/* End PBXProject section */

/* Begin PBXResourcesBuildPhase section */
		FC8FF62F1BDF152C0095DAFA /* Resources */ = {
			isa = PBXResourcesBuildPhase;
			buildActionMask = 2147483647;
			files = (
				FC8FF63C1BDF152C0095DAFA /* Main.storyboard in Resources */,
				FC8FF6411BDF152C0095DAFA /* LaunchScreen.xib in Resources */,
				FC8FF6591BDF28970095DAFA /* a.wav in Resources */,
				FC8FF63E1BDF152C0095DAFA /* Images.xcassets in Resources */,
			);
			runOnlyForDeploymentPostprocessing = 0;
		};
		FC8FF6441BDF152C0095DAFA /* Resources */ = {
			isa = PBXResourcesBuildPhase;
			buildActionMask = 2147483647;
			files = (
			);
			runOnlyForDeploymentPostprocessing = 0;
		};
/* End PBXResourcesBuildPhase section */

/* Begin PBXSourcesBuildPhase section */
		FC8FF62D1BDF152C0095DAFA /* Sources */ = {
			isa = PBXSourcesBuildPhase;
			buildActionMask = 2147483647;
			files = (
				FC8FF6391BDF152C0095DAFA /* ViewController.swift in Sources */,
				FC8FF6371BDF152C0095DAFA /* AppDelegate.swift in Sources */,
			);
			runOnlyForDeploymentPostprocessing = 0;
		};
		FC8FF6421BDF152C0095DAFA /* Sources */ = {
			isa = PBXSourcesBuildPhase;
			buildActionMask = 2147483647;
			files = (
				FC8FF64D1BDF152C0095DAFA /* Project_2Tests.swift in Sources */,
			);
			runOnlyForDeploymentPostprocessing = 0;
		};
/* End PBXSourcesBuildPhase section */

/* Begin PBXTargetDependency section */
		FC8FF6481BDF152C0095DAFA /* PBXTargetDependency */ = {
			isa = PBXTargetDependency;
			target = FC8FF6301BDF152C0095DAFA /* Project_2 */;
			targetProxy = FC8FF6471BDF152C0095DAFA /* PBXContainerItemProxy */;
		};
/* End PBXTargetDependency section */

/* Begin PBXVariantGroup section */
		FC8FF63A1BDF152C0095DAFA /* Main.storyboard */ = {
			isa = PBXVariantGroup;
			children = (
				FC8FF63B1BDF152C0095DAFA /* Base */,
			);
			name = Main.storyboard;
			sourceTree = "<group>";
		};
		FC8FF63F1BDF152C0095DAFA /* LaunchScreen.xib */ = {
			isa = PBXVariantGroup;
			children = (
				FC8FF6401BDF152C0095DAFA /* Base */,
			);
			name = LaunchScreen.xib;
			sourceTree = "<group>";
		};
/* End PBXVariantGroup section */

/* Begin XCBuildConfiguration section */
		FC8FF64E1BDF152C0095DAFA /* Debug */ = {
			isa = XCBuildConfiguration;
			buildSettings = {
				ALWAYS_SEARCH_USER_PATHS = NO;
				CLANG_CXX_LANGUAGE_STANDARD = "gnu++0x";
				CLANG_CXX_LIBRARY = "libc++";
				CLANG_ENABLE_MODULES = YES;
				CLANG_ENABLE_OBJC_ARC = YES;
				CLANG_WARN_BOOL_CONVERSION = YES;
				CLANG_WARN_CONSTANT_CONVERSION = YES;
				CLANG_WARN_DIRECT_OBJC_ISA_USAGE = YES_ERROR;
				CLANG_WARN_EMPTY_BODY = YES;
				CLANG_WARN_ENUM_CONVERSION = YES;
				CLANG_WARN_INT_CONVERSION = YES;
				CLANG_WARN_OBJC_ROOT_CLASS = YES_ERROR;
				CLANG_WARN_UNREACHABLE_CODE = YES;
				CLANG_WARN__DUPLICATE_METHOD_MATCH = YES;
				"CODE_SIGN_IDENTITY[sdk=iphoneos*]" = "iPhone Developer";
				COPY_PHASE_STRIP = NO;
				DEBUG_INFORMATION_FORMAT = "dwarf-with-dsym";
				ENABLE_STRICT_OBJC_MSGSEND = YES;
				GCC_C_LANGUAGE_STANDARD = gnu99;
				GCC_DYNAMIC_NO_PIC = NO;
				GCC_NO_COMMON_BLOCKS = YES;
				GCC_OPTIMIZATION_LEVEL = 0;
				GCC_PREPROCESSOR_DEFINITIONS = (
					"DEBUG=1",
					"$(inherited)",
				);
				GCC_SYMBOLS_PRIVATE_EXTERN = NO;
				GCC_WARN_64_TO_32_BIT_CONVERSION = YES;
				GCC_WARN_ABOUT_RETURN_TYPE = YES_ERROR;
				GCC_WARN_UNDECLARED_SELECTOR = YES;
				GCC_WARN_UNINITIALIZED_AUTOS = YES_AGGRESSIVE;
				GCC_WARN_UNUSED_FUNCTION = YES;
				GCC_WARN_UNUSED_VARIABLE = YES;
				IPHONEOS_DEPLOYMENT_TARGET = 8.4;
				MTL_ENABLE_DEBUG_INFO = YES;
				ONLY_ACTIVE_ARCH = YES;
				SDKROOT = iphoneos;
				SWIFT_OPTIMIZATION_LEVEL = "-Onone";
			};
			name = Debug;
		};
		FC8FF64F1BDF152C0095DAFA /* Release */ = {
			isa = XCBuildConfiguration;
			buildSettings = {
				ALWAYS_SEARCH_USER_PATHS = NO;
				CLANG_CXX_LANGUAGE_STANDARD = "gnu++0x";
				CLANG_CXX_LIBRARY = "libc++";
				CLANG_ENABLE_MODULES = YES;
				CLANG_ENABLE_OBJC_ARC = YES;
				CLANG_WARN_BOOL_CONVERSION = YES;
				CLANG_WARN_CONSTANT_CONVERSION = YES;
				CLANG_WARN_DIRECT_OBJC_ISA_USAGE = YES_ERROR;
				CLANG_WARN_EMPTY_BODY = YES;
				CLANG_WARN_ENUM_CONVERSION = YES;
				CLANG_WARN_INT_CONVERSION = YES;
				CLANG_WARN_OBJC_ROOT_CLASS = YES_ERROR;
				CLANG_WARN_UNREACHABLE_CODE = YES;
				CLANG_WARN__DUPLICATE_METHOD_MATCH = YES;
				"CODE_SIGN_IDENTITY[sdk=iphoneos*]" = "iPhone Developer";
				COPY_PHASE_STRIP = NO;
				DEBUG_INFORMATION_FORMAT = "dwarf-with-dsym";
				ENABLE_NS_ASSERTIONS = NO;
				ENABLE_STRICT_OBJC_MSGSEND = YES;
				GCC_C_LANGUAGE_STANDARD = gnu99;
				GCC_NO_COMMON_BLOCKS = YES;
				GCC_WARN_64_TO_32_BIT_CONVERSION = YES;
				GCC_WARN_ABOUT_RETURN_TYPE = YES_ERROR;
				GCC_WARN_UNDECLARED_SELECTOR = YES;
				GCC_WARN_UNINITIALIZED_AUTOS = YES_AGGRESSIVE;
				GCC_WARN_UNUSED_FUNCTION = YES;
				GCC_WARN_UNUSED_VARIABLE = YES;
				IPHONEOS_DEPLOYMENT_TARGET = 8.4;
				MTL_ENABLE_DEBUG_INFO = NO;
				SDKROOT = iphoneos;
				VALIDATE_PRODUCT = YES;
			};
			name = Release;
		};
		FC8FF6511BDF152C0095DAFA /* Debug */ = {
			isa = XCBuildConfiguration;
			buildSettings = {
				ASSETCATALOG_COMPILER_APPICON_NAME = AppIcon;
				INFOPLIST_FILE = Project_2/Info.plist;
				LD_RUNPATH_SEARCH_PATHS = "$(inherited) @executable_path/Frameworks";
				PRODUCT_NAME = "$(TARGET_NAME)";
			};
			name = Debug;
		};
		FC8FF6521BDF152C0095DAFA /* Release */ = {
			isa = XCBuildConfiguration;
			buildSettings = {
				ASSETCATALOG_COMPILER_APPICON_NAME = AppIcon;
				INFOPLIST_FILE = Project_2/Info.plist;
				LD_RUNPATH_SEARCH_PATHS = "$(inherited) @executable_path/Frameworks";
				PRODUCT_NAME = "$(TARGET_NAME)";
			};
			name = Release;
		};
		FC8FF6541BDF152C0095DAFA /* Debug */ = {
			isa = XCBuildConfiguration;
			buildSettings = {
				BUNDLE_LOADER = "$(TEST_HOST)";
				FRAMEWORK_SEARCH_PATHS = (
					"$(SDKROOT)/Developer/Library/Frameworks",
					"$(inherited)",
				);
				GCC_PREPROCESSOR_DEFINITIONS = (
					"DEBUG=1",
					"$(inherited)",
				);
				INFOPLIST_FILE = Project_2Tests/Info.plist;
				LD_RUNPATH_SEARCH_PATHS = "$(inherited) @executable_path/Frameworks @loader_path/Frameworks";
				PRODUCT_NAME = "$(TARGET_NAME)";
				TEST_HOST = "$(BUILT_PRODUCTS_DIR)/Project_2.app/Project_2";
			};
			name = Debug;
		};
		FC8FF6551BDF152C0095DAFA /* Release */ = {
			isa = XCBuildConfiguration;
			buildSettings = {
				BUNDLE_LOADER = "$(TEST_HOST)";
				FRAMEWORK_SEARCH_PATHS = (
					"$(SDKROOT)/Developer/Library/Frameworks",
					"$(inherited)",
				);
				INFOPLIST_FILE = Project_2Tests/Info.plist;
				LD_RUNPATH_SEARCH_PATHS = "$(inherited) @executable_path/Frameworks @loader_path/Frameworks";
				PRODUCT_NAME = "$(TARGET_NAME)";
				TEST_HOST = "$(BUILT_PRODUCTS_DIR)/Project_2.app/Project_2";
			};
			name = Release;
		};
/* End XCBuildConfiguration section */

/* Begin XCConfigurationList section */
		FC8FF62C1BDF152C0095DAFA /* Build configuration list for PBXProject "Project_2" */ = {
			isa = XCConfigurationList;
			buildConfigurations = (
				FC8FF64E1BDF152C0095DAFA /* Debug */,
				FC8FF64F1BDF152C0095DAFA /* Release */,
			);
			defaultConfigurationIsVisible = 0;
			defaultConfigurationName = Release;
		};
		FC8FF6501BDF152C0095DAFA /* Build configuration list for PBXNativeTarget "Project_2" */ = {
			isa = XCConfigurationList;
			buildConfigurations = (
				FC8FF6511BDF152C0095DAFA /* Debug */,
				FC8FF6521BDF152C0095DAFA /* Release */,
			);
			defaultConfigurationIsVisible = 0;
		};
		FC8FF6531BDF152C0095DAFA /* Build configuration list for PBXNativeTarget "Project_2Tests" */ = {
			isa = XCConfigurationList;
			buildConfigurations = (
				FC8FF6541BDF152C0095DAFA /* Debug */,
				FC8FF6551BDF152C0095DAFA /* Release */,
			);
			defaultConfigurationIsVisible = 0;
		};
/* End XCConfigurationList section */
	};
	rootObject = FC8FF6291BDF152C0095DAFA /* Project object */;
}
